
Microsoft Visual Studio Solution File, Format Version 12.00
# Visual Studio 2013
VisualStudioVersion = 12.0.30501.0
MinimumVisualStudioVersion = 10.0.40219.1
Project("{FAE04EC0-301F-11D3-BF4B-00C04F79EFBC}") = "Core.DocumentPicker", "Core.DocumentPicker\Core.DocumentPicker.csproj", "{1A7F02D3-EC20-4800-96FD-E458C039937E}"
EndProject
Project("{FAE04EC0-301F-11D3-BF4B-00C04F79EFBC}") = "Core.DocumentPickerWeb", "Core.DocumentPickerWeb\Core.DocumentPickerWeb.csproj", "{370F2401-641D-4239-8F50-F0B8D1447453}"
EndProject
Project("{2150E333-8FDC-42A3-9474-1A3956D46DE8}") = "Documents", "Documents", "{D4938902-8EC5-4E6C-A508-4424C9C09880}"
	ProjectSection(SolutionItems) = preProject
		readme.md = readme.md
	EndProjectSection
EndProject
Global
	GlobalSection(SolutionConfigurationPlatforms) = preSolution
		Debug|Any CPU = Debug|Any CPU
		Release|Any CPU = Release|Any CPU
	EndGlobalSection
	GlobalSection(ProjectConfigurationPlatforms) = postSolution
		{1A7F02D3-EC20-4800-96FD-E458C039937E}.Debug|Any CPU.ActiveCfg = Debug|Any CPU
		{1A7F02D3-EC20-4800-96FD-E458C039937E}.Debug|Any CPU.Build.0 = Debug|Any CPU
		{1A7F02D3-EC20-4800-96FD-E458C039937E}.Debug|Any CPU.Deploy.0 = Debug|Any CPU
		{1A7F02D3-EC20-4800-96FD-E458C039937E}.Release|Any CPU.ActiveCfg = Release|Any CPU
		{1A7F02D3-EC20-4800-96FD-E458C039937E}.Release|Any CPU.Build.0 = Release|Any CPU
		{1A7F02D3-EC20-4800-96FD-E458C039937E}.Release|Any CPU.Deploy.0 = Release|Any CPU
		{370F2401-641D-4239-8F50-F0B8D1447453}.Debug|Any CPU.ActiveCfg = Debug|Any CPU
		{370F2401-641D-4239-8F50-F0B8D1447453}.Debug|Any CPU.Build.0 = Debug|Any CPU
		{370F2401-641D-4239-8F50-F0B8D1447453}.Release|Any CPU.ActiveCfg = Release|Any CPU
		{370F2401-641D-4239-8F50-F0B8D1447453}.Release|Any CPU.Build.0 = Release|Any CPU
	EndGlobalSection
	GlobalSection(SolutionProperties) = preSolution
		HideSolutionNode = FALSE
	EndGlobalSection
EndGlobal
