Microsoft Visual Studio Solution File, Format Version 12.00
# Visual Studio 14
VisualStudioVersion = 14.0.23107.0
MinimumVisualStudioVersion = 10.0.40219.1
Project("{2150E333-8FDC-42A3-9474-1A3956D46DE8}") = "Documentation", "Documentation", "{87EE2A7F-40DD-4C11-8DB4-C18C41BF9982}"
	ProjectSection(SolutionItems) = preProject
		readme.md = readme.md
	EndProjectSection
EndProject
Project("{CC5FD16D-436D-48AD-A40C-5A424C6E3E79}") = "Core.CloudServices", "Core.CloudServices\Core.CloudServices.ccproj", "{5A424F33-7BF0-440E-97F4-7E3D342891CD}"
EndProject
Project("{FAE04EC0-301F-11D3-BF4B-00C04F79EFBC}") = "Core.CloudServices.Worker", "Core.CloudServices.Worker\Core.CloudServices.Worker.csproj", "{2B305E1E-0DCD-486E-9EFE-6B9AF741B775}"
EndProject
Project("{FAE04EC0-301F-11D3-BF4B-00C04F79EFBC}") = "Core.CloudServices.Web", "Core.CloudServices.Web\Core.CloudServices.Web.csproj", "{CA9A3A70-21D1-49FD-9BC3-E5CB5194F581}"
EndProject
Project("{FAE04EC0-301F-11D3-BF4B-00C04F79EFBC}") = "Core.CloudServices.Web.SharePoint", "Core.CloudServices.Web.SharePoint\Core.CloudServices.Web.SharePoint.csproj", "{18AE9B25-36EB-4D16-B746-FB1AD35974C1}"
EndProject
Project("{FAE04EC0-301F-11D3-BF4B-00C04F79EFBC}") = "Core.CloudServices.Encryptor", "Core.CloudServices.Encryptor\Core.CloudServices.Encryptor.csproj", "{1F5D949F-0550-4C1D-89CC-265D510DCE5D}"
EndProject
Global
	GlobalSection(SolutionConfigurationPlatforms) = preSolution
		Debug|Any CPU = Debug|Any CPU
		Release|Any CPU = Release|Any CPU
	EndGlobalSection
	GlobalSection(ProjectConfigurationPlatforms) = postSolution
		{5A424F33-7BF0-440E-97F4-7E3D342891CD}.Debug|Any CPU.ActiveCfg = Debug|Any CPU
		{5A424F33-7BF0-440E-97F4-7E3D342891CD}.Debug|Any CPU.Build.0 = Debug|Any CPU
		{5A424F33-7BF0-440E-97F4-7E3D342891CD}.Release|Any CPU.ActiveCfg = Release|Any CPU
		{5A424F33-7BF0-440E-97F4-7E3D342891CD}.Release|Any CPU.Build.0 = Release|Any CPU
		{2B305E1E-0DCD-486E-9EFE-6B9AF741B775}.Debug|Any CPU.ActiveCfg = Debug|Any CPU
		{2B305E1E-0DCD-486E-9EFE-6B9AF741B775}.Debug|Any CPU.Build.0 = Debug|Any CPU
		{2B305E1E-0DCD-486E-9EFE-6B9AF741B775}.Release|Any CPU.ActiveCfg = Release|Any CPU
		{2B305E1E-0DCD-486E-9EFE-6B9AF741B775}.Release|Any CPU.Build.0 = Release|Any CPU
		{CA9A3A70-21D1-49FD-9BC3-E5CB5194F581}.Debug|Any CPU.ActiveCfg = Debug|Any CPU
		{CA9A3A70-21D1-49FD-9BC3-E5CB5194F581}.Debug|Any CPU.Build.0 = Debug|Any CPU
		{CA9A3A70-21D1-49FD-9BC3-E5CB5194F581}.Release|Any CPU.ActiveCfg = Release|Any CPU
		{CA9A3A70-21D1-49FD-9BC3-E5CB5194F581}.Release|Any CPU.Build.0 = Release|Any CPU
		{18AE9B25-36EB-4D16-B746-FB1AD35974C1}.Debug|Any CPU.ActiveCfg = Debug|Any CPU
		{18AE9B25-36EB-4D16-B746-FB1AD35974C1}.Debug|Any CPU.Build.0 = Debug|Any CPU
		{18AE9B25-36EB-4D16-B746-FB1AD35974C1}.Debug|Any CPU.Deploy.0 = Debug|Any CPU
		{18AE9B25-36EB-4D16-B746-FB1AD35974C1}.Release|Any CPU.ActiveCfg = Release|Any CPU
		{18AE9B25-36EB-4D16-B746-FB1AD35974C1}.Release|Any CPU.Build.0 = Release|Any CPU
		{18AE9B25-36EB-4D16-B746-FB1AD35974C1}.Release|Any CPU.Deploy.0 = Release|Any CPU
		{1F5D949F-0550-4C1D-89CC-265D510DCE5D}.Debug|Any CPU.ActiveCfg = Debug|Any CPU
		{1F5D949F-0550-4C1D-89CC-265D510DCE5D}.Debug|Any CPU.Build.0 = Debug|Any CPU
		{1F5D949F-0550-4C1D-89CC-265D510DCE5D}.Release|Any CPU.ActiveCfg = Release|Any CPU
		{1F5D949F-0550-4C1D-89CC-265D510DCE5D}.Release|Any CPU.Build.0 = Release|Any CPU
	EndGlobalSection
	GlobalSection(SolutionProperties) = preSolution
		HideSolutionNode = FALSE
	EndGlobalSection
EndGlobal
