Microsoft Visual Studio Solution File, Format Version 12.00
# Visual Studio 2013
VisualStudioVersion = 12.0.30501.0
MinimumVisualStudioVersion = 10.0.40219.1
Project("{FAE04EC0-301F-11D3-BF4B-00C04F79EFBC}") = "Branding.Refresh.Console", "Branding.Refresh.Console\Branding.Refresh.Console.csproj", "{F2B9D513-4967-41E3-A104-533F2A2EC96A}"
EndProject
Project("{2150E333-8FDC-42A3-9474-1A3956D46DE8}") = "Core", "Core", "{5D6057AC-4DE3-4C1A-9567-555D41700C6B}"
EndProject
Project("{2150E333-8FDC-42A3-9474-1A3956D46DE8}") = "Documentation", "Documentation", "{D0BF5299-8793-4FEC-91A7-DF82536603C2}"
	ProjectSection(SolutionItems) = preProject
		readme.txt = readme.txt
		Refresh branding.docx = Refresh branding.docx
	EndProjectSection
EndProject
Project("{FAE04EC0-301F-11D3-BF4B-00C04F79EFBC}") = "OfficeDevPnP.Core", "..\..\OfficeDevPnP.Core\OfficeDevPnP.Core\OfficeDevPnP.Core.csproj", "{F2077977-8EBF-409D-BBF4-8EFB328928A8}"
EndProject
Global
	GlobalSection(SolutionConfigurationPlatforms) = preSolution
		Debug|Any CPU = Debug|Any CPU
		Release|Any CPU = Release|Any CPU
	EndGlobalSection
	GlobalSection(ProjectConfigurationPlatforms) = postSolution
		{F2B9D513-4967-41E3-A104-533F2A2EC96A}.Debug|Any CPU.ActiveCfg = Debug|Any CPU
		{F2B9D513-4967-41E3-A104-533F2A2EC96A}.Debug|Any CPU.Build.0 = Debug|Any CPU
		{F2B9D513-4967-41E3-A104-533F2A2EC96A}.Release|Any CPU.ActiveCfg = Release|Any CPU
		{F2B9D513-4967-41E3-A104-533F2A2EC96A}.Release|Any CPU.Build.0 = Release|Any CPU
		{F2077977-8EBF-409D-BBF4-8EFB328928A8}.Debug|Any CPU.ActiveCfg = Debug|Any CPU
		{F2077977-8EBF-409D-BBF4-8EFB328928A8}.Debug|Any CPU.Build.0 = Debug|Any CPU
		{F2077977-8EBF-409D-BBF4-8EFB328928A8}.Release|Any CPU.ActiveCfg = Release|Any CPU
		{F2077977-8EBF-409D-BBF4-8EFB328928A8}.Release|Any CPU.Build.0 = Release|Any CPU
	EndGlobalSection
	GlobalSection(SolutionProperties) = preSolution
		HideSolutionNode = FALSE
	EndGlobalSection
	GlobalSection(NestedProjects) = preSolution
		{F2077977-8EBF-409D-BBF4-8EFB328928A8} = {5D6057AC-4DE3-4C1A-9567-555D41700C6B}
	EndGlobalSection
EndGlobal
