
Microsoft Visual Studio Solution File, Format Version 12.00
# Visual Studio 2013
VisualStudioVersion = 12.0.31101.0
MinimumVisualStudioVersion = 10.0.40219.1
Project("{FAE04EC0-301F-11D3-BF4B-00C04F79EFBC}") = "Core.EmbedJavaScriptJSOM", "Core.EmbedJavaScriptJSOM\Core.EmbedJavaScriptJSOM.csproj", "{A427CBAD-63BE-42D2-9497-A165CBCDED99}"
EndProject
Project("{2150E333-8FDC-42A3-9474-1A3956D46DE8}") = "Documentation", "Documentation", "{365F0BE5-DA0E-48B0-9D90-6B1DFE96BBA3}"
	ProjectSection(SolutionItems) = preProject
		readme.md = readme.md
	EndProjectSection
EndProject
Global
	GlobalSection(SolutionConfigurationPlatforms) = preSolution
		Debug|Any CPU = Debug|Any CPU
		Release|Any CPU = Release|Any CPU
	EndGlobalSection
	GlobalSection(ProjectConfigurationPlatforms) = postSolution
		{A427CBAD-63BE-42D2-9497-A165CBCDED99}.Debug|Any CPU.ActiveCfg = Debug|Any CPU
		{A427CBAD-63BE-42D2-9497-A165CBCDED99}.Debug|Any CPU.Build.0 = Debug|Any CPU
		{A427CBAD-63BE-42D2-9497-A165CBCDED99}.Debug|Any CPU.Deploy.0 = Debug|Any CPU
		{A427CBAD-63BE-42D2-9497-A165CBCDED99}.Release|Any CPU.ActiveCfg = Release|Any CPU
		{A427CBAD-63BE-42D2-9497-A165CBCDED99}.Release|Any CPU.Build.0 = Release|Any CPU
		{A427CBAD-63BE-42D2-9497-A165CBCDED99}.Release|Any CPU.Deploy.0 = Release|Any CPU
	EndGlobalSection
	GlobalSection(SolutionProperties) = preSolution
		HideSolutionNode = FALSE
	EndGlobalSection
EndGlobal
