
Microsoft Visual Studio Solution File, Format Version 12.00
# Visual Studio 2013
VisualStudioVersion = 12.0.30110.0
MinimumVisualStudioVersion = 10.0.40219.1
Project("{FAE04EC0-301F-11D3-BF4B-00C04F79EFBC}") = "Core.FileUpload", "Core.FileUpload\Core.FileUpload.csproj", "{CD37F794-DFE0-40E5-8AB5-7439215E5F19}"
EndProject
Project("{FAE04EC0-301F-11D3-BF4B-00C04F79EFBC}") = "Core.FileUploadWeb", "Core.FileUploadWeb\Core.FileUploadWeb.csproj", "{88144026-27DD-4FBA-ADEF-91261A8DD2FA}"
EndProject
Project("{2150E333-8FDC-42A3-9474-1A3956D46DE8}") = "Documentation", "Documentation", "{2F7D2E6E-1116-4CEC-8CC2-E10194D085D5}"
	ProjectSection(SolutionItems) = preProject
		File Upload.docx = File Upload.docx
		Readme.txt = Readme.txt
	EndProjectSection
EndProject
Project("{2150E333-8FDC-42A3-9474-1A3956D46DE8}") = "Core", "Core", "{30BAB15D-A8B9-443A-9F54-7ED46E0C0312}"
EndProject
Project("{FAE04EC0-301F-11D3-BF4B-00C04F79EFBC}") = "OfficeAMS.Core", "..\..\OfficeAMS.Core\OfficeAMS.Core\OfficeAMS.Core.csproj", "{F2077977-8EBF-409D-BBF4-8EFB328928A8}"
EndProject
Global
	GlobalSection(SolutionConfigurationPlatforms) = preSolution
		Debug|Any CPU = Debug|Any CPU
		Release|Any CPU = Release|Any CPU
	EndGlobalSection
	GlobalSection(ProjectConfigurationPlatforms) = postSolution
		{CD37F794-DFE0-40E5-8AB5-7439215E5F19}.Debug|Any CPU.ActiveCfg = Debug|Any CPU
		{CD37F794-DFE0-40E5-8AB5-7439215E5F19}.Debug|Any CPU.Build.0 = Debug|Any CPU
		{CD37F794-DFE0-40E5-8AB5-7439215E5F19}.Debug|Any CPU.Deploy.0 = Debug|Any CPU
		{CD37F794-DFE0-40E5-8AB5-7439215E5F19}.Release|Any CPU.ActiveCfg = Release|Any CPU
		{CD37F794-DFE0-40E5-8AB5-7439215E5F19}.Release|Any CPU.Build.0 = Release|Any CPU
		{CD37F794-DFE0-40E5-8AB5-7439215E5F19}.Release|Any CPU.Deploy.0 = Release|Any CPU
		{88144026-27DD-4FBA-ADEF-91261A8DD2FA}.Debug|Any CPU.ActiveCfg = Debug|Any CPU
		{88144026-27DD-4FBA-ADEF-91261A8DD2FA}.Debug|Any CPU.Build.0 = Debug|Any CPU
		{88144026-27DD-4FBA-ADEF-91261A8DD2FA}.Release|Any CPU.ActiveCfg = Release|Any CPU
		{88144026-27DD-4FBA-ADEF-91261A8DD2FA}.Release|Any CPU.Build.0 = Release|Any CPU
		{F2077977-8EBF-409D-BBF4-8EFB328928A8}.Debug|Any CPU.ActiveCfg = Debug|Any CPU
		{F2077977-8EBF-409D-BBF4-8EFB328928A8}.Debug|Any CPU.Build.0 = Debug|Any CPU
		{F2077977-8EBF-409D-BBF4-8EFB328928A8}.Release|Any CPU.ActiveCfg = Release|Any CPU
		{F2077977-8EBF-409D-BBF4-8EFB328928A8}.Release|Any CPU.Build.0 = Release|Any CPU
	EndGlobalSection
	GlobalSection(SolutionProperties) = preSolution
		HideSolutionNode = FALSE
	EndGlobalSection
	GlobalSection(NestedProjects) = preSolution
		{F2077977-8EBF-409D-BBF4-8EFB328928A8} = {30BAB15D-A8B9-443A-9F54-7ED46E0C0312}
	EndGlobalSection
EndGlobal
