
Microsoft Visual Studio Solution File, Format Version 12.00
# Visual Studio 14
VisualStudioVersion = 14.0.25123.0
MinimumVisualStudioVersion = 10.0.40219.1
Project("{FAE04EC0-301F-11D3-BF4B-00C04F79EFBC}") = "Outlook.AddInSample", "Outlook.AddInSample\Outlook.AddInSample.csproj", "{99D2328D-F9F8-4939-825B-2F628D9E594A}"
EndProject
Project("{FAE04EC0-301F-11D3-BF4B-00C04F79EFBC}") = "Outlook.AddInSampleWeb", "Outlook.AddInSampleWeb\Outlook.AddInSampleWeb.csproj", "{C3E284A4-887E-429D-9BE0-A71B926DD5EA}"
EndProject
Global
	GlobalSection(SolutionConfigurationPlatforms) = preSolution
		Debug|Any CPU = Debug|Any CPU
		Release|Any CPU = Release|Any CPU
	EndGlobalSection
	GlobalSection(ProjectConfigurationPlatforms) = postSolution
		{99D2328D-F9F8-4939-825B-2F628D9E594A}.Debug|Any CPU.ActiveCfg = Debug|Any CPU
		{99D2328D-F9F8-4939-825B-2F628D9E594A}.Debug|Any CPU.Build.0 = Debug|Any CPU
		{99D2328D-F9F8-4939-825B-2F628D9E594A}.Debug|Any CPU.Deploy.0 = Debug|Any CPU
		{99D2328D-F9F8-4939-825B-2F628D9E594A}.Release|Any CPU.ActiveCfg = Release|Any CPU
		{99D2328D-F9F8-4939-825B-2F628D9E594A}.Release|Any CPU.Build.0 = Release|Any CPU
		{99D2328D-F9F8-4939-825B-2F628D9E594A}.Release|Any CPU.Deploy.0 = Release|Any CPU
		{C3E284A4-887E-429D-9BE0-A71B926DD5EA}.Debug|Any CPU.ActiveCfg = Debug|Any CPU
		{C3E284A4-887E-429D-9BE0-A71B926DD5EA}.Debug|Any CPU.Build.0 = Debug|Any CPU
		{C3E284A4-887E-429D-9BE0-A71B926DD5EA}.Release|Any CPU.ActiveCfg = Release|Any CPU
		{C3E284A4-887E-429D-9BE0-A71B926DD5EA}.Release|Any CPU.Build.0 = Release|Any CPU
	EndGlobalSection
	GlobalSection(SolutionProperties) = preSolution
		HideSolutionNode = FALSE
	EndGlobalSection
EndGlobal
