Microsoft Visual Studio Solution File, Format Version 12.00
# Visual Studio 2013
VisualStudioVersion = 12.0.30501.0
MinimumVisualStudioVersion = 10.0.40219.1
Project("{FAE04EC0-301F-11D3-BF4B-00C04F79EFBC}") = "Core.InformationManagement", "Core.InformationManagement\Core.InformationManagement.csproj", "{C5776DF4-37A2-4E03-B4BB-641163C573AD}"
EndProject
Project("{FAE04EC0-301F-11D3-BF4B-00C04F79EFBC}") = "Core.InformationManagementWeb", "Core.InformationManagementWeb\Core.InformationManagementWeb.csproj", "{B01B5500-5C4F-4AB2-9F3C-A8867B66DE85}"
EndProject
Project("{2150E333-8FDC-42A3-9474-1A3956D46DE8}") = "Core", "Core", "{CC66E1BA-44DA-449D-AB47-4218096A8DD6}"
EndProject
Project("{2150E333-8FDC-42A3-9474-1A3956D46DE8}") = "Documentation", "Documentation", "{CDF5FE15-5E96-4AC3-ACCB-7079CACB82A6}"
	ProjectSection(SolutionItems) = preProject
		Information Management.docx = Information Management.docx
		readme.txt = readme.txt
	EndProjectSection
EndProject
Project("{FAE04EC0-301F-11D3-BF4B-00C04F79EFBC}") = "OfficeDevPnP.Core", "..\..\OfficeDevPnP.Core\OfficeDevPnP.Core\OfficeDevPnP.Core.csproj", "{F2077977-8EBF-409D-BBF4-8EFB328928A8}"
EndProject
Global
	GlobalSection(SolutionConfigurationPlatforms) = preSolution
		Debug|Any CPU = Debug|Any CPU
		Release|Any CPU = Release|Any CPU
	EndGlobalSection
	GlobalSection(ProjectConfigurationPlatforms) = postSolution
		{C5776DF4-37A2-4E03-B4BB-641163C573AD}.Debug|Any CPU.ActiveCfg = Debug|Any CPU
		{C5776DF4-37A2-4E03-B4BB-641163C573AD}.Debug|Any CPU.Build.0 = Debug|Any CPU
		{C5776DF4-37A2-4E03-B4BB-641163C573AD}.Debug|Any CPU.Deploy.0 = Debug|Any CPU
		{C5776DF4-37A2-4E03-B4BB-641163C573AD}.Release|Any CPU.ActiveCfg = Release|Any CPU
		{C5776DF4-37A2-4E03-B4BB-641163C573AD}.Release|Any CPU.Build.0 = Release|Any CPU
		{C5776DF4-37A2-4E03-B4BB-641163C573AD}.Release|Any CPU.Deploy.0 = Release|Any CPU
		{B01B5500-5C4F-4AB2-9F3C-A8867B66DE85}.Debug|Any CPU.ActiveCfg = Debug|Any CPU
		{B01B5500-5C4F-4AB2-9F3C-A8867B66DE85}.Debug|Any CPU.Build.0 = Debug|Any CPU
		{B01B5500-5C4F-4AB2-9F3C-A8867B66DE85}.Release|Any CPU.ActiveCfg = Release|Any CPU
		{B01B5500-5C4F-4AB2-9F3C-A8867B66DE85}.Release|Any CPU.Build.0 = Release|Any CPU
		{F2077977-8EBF-409D-BBF4-8EFB328928A8}.Debug|Any CPU.ActiveCfg = Debug|Any CPU
		{F2077977-8EBF-409D-BBF4-8EFB328928A8}.Debug|Any CPU.Build.0 = Debug|Any CPU
		{F2077977-8EBF-409D-BBF4-8EFB328928A8}.Release|Any CPU.ActiveCfg = Release|Any CPU
		{F2077977-8EBF-409D-BBF4-8EFB328928A8}.Release|Any CPU.Build.0 = Release|Any CPU
	EndGlobalSection
	GlobalSection(SolutionProperties) = preSolution
		HideSolutionNode = FALSE
	EndGlobalSection
	GlobalSection(NestedProjects) = preSolution
		{F2077977-8EBF-409D-BBF4-8EFB328928A8} = {CC66E1BA-44DA-449D-AB47-4218096A8DD6}
	EndGlobalSection
EndGlobal
