
Microsoft Visual Studio Solution File, Format Version 12.00
# Visual Studio 2013
VisualStudioVersion = 12.0.31101.0
MinimumVisualStudioVersion = 10.0.40219.1
Project("{FAE04EC0-301F-11D3-BF4B-00C04F79EFBC}") = "Embedder", "Embedder\Embedder.csproj", "{99BC3A0C-E5E3-44B1-A31B-08ACB097C5D8}"
EndProject
Project("{FAE04EC0-301F-11D3-BF4B-00C04F79EFBC}") = "CDN", "CDN\CDN.csproj", "{40095680-6C00-4086-B598-15A980AF4117}"
EndProject
Global
	GlobalSection(SolutionConfigurationPlatforms) = preSolution
		Debug|Any CPU = Debug|Any CPU
		Release|Any CPU = Release|Any CPU
	EndGlobalSection
	GlobalSection(ProjectConfigurationPlatforms) = postSolution
		{99BC3A0C-E5E3-44B1-A31B-08ACB097C5D8}.Debug|Any CPU.ActiveCfg = Debug|Any CPU
		{99BC3A0C-E5E3-44B1-A31B-08ACB097C5D8}.Debug|Any CPU.Build.0 = Debug|Any CPU
		{99BC3A0C-E5E3-44B1-A31B-08ACB097C5D8}.Release|Any CPU.ActiveCfg = Release|Any CPU
		{99BC3A0C-E5E3-44B1-A31B-08ACB097C5D8}.Release|Any CPU.Build.0 = Release|Any CPU
		{40095680-6C00-4086-B598-15A980AF4117}.Debug|Any CPU.ActiveCfg = Debug|Any CPU
		{40095680-6C00-4086-B598-15A980AF4117}.Debug|Any CPU.Build.0 = Debug|Any CPU
		{40095680-6C00-4086-B598-15A980AF4117}.Release|Any CPU.ActiveCfg = Release|Any CPU
		{40095680-6C00-4086-B598-15A980AF4117}.Release|Any CPU.Build.0 = Release|Any CPU
	EndGlobalSection
	GlobalSection(SolutionProperties) = preSolution
		HideSolutionNode = FALSE
	EndGlobalSection
EndGlobal
