
Microsoft Visual Studio Solution File, Format Version 12.00
# Visual Studio 2013
VisualStudioVersion = 12.0.30324.0
MinimumVisualStudioVersion = 10.0.40219.1
Project("{FAE04EC0-301F-11D3-BF4B-00C04F79EFBC}") = "Core.MailApps", "Core.MailApps\Core.MailApps.csproj", "{886B0803-9DC5-45EB-A883-9DE770A7C97C}"
EndProject
Project("{FAE04EC0-301F-11D3-BF4B-00C04F79EFBC}") = "Core.MailAppsWeb", "Core.MailAppsWeb\Core.MailAppsWeb.csproj", "{59CB9E7F-B5D3-4F86-ADDC-5ED997D9D5E9}"
EndProject
Project("{2150E333-8FDC-42A3-9474-1A3956D46DE8}") = "Documentation", "Documentation", "{EB607F4C-51DB-408B-8F84-2D2D20C6F6E3}"
	ProjectSection(SolutionItems) = preProject
		readme.txt = readme.txt
		UpdateAppUrl.ps1 = UpdateAppUrl.ps1
		YouTube Mail App Sample.docx = YouTube Mail App Sample.docx
	EndProjectSection
EndProject
Global
	GlobalSection(SolutionConfigurationPlatforms) = preSolution
		Debug|Any CPU = Debug|Any CPU
		Release|Any CPU = Release|Any CPU
	EndGlobalSection
	GlobalSection(ProjectConfigurationPlatforms) = postSolution
		{886B0803-9DC5-45EB-A883-9DE770A7C97C}.Debug|Any CPU.ActiveCfg = Debug|Any CPU
		{886B0803-9DC5-45EB-A883-9DE770A7C97C}.Debug|Any CPU.Build.0 = Debug|Any CPU
		{886B0803-9DC5-45EB-A883-9DE770A7C97C}.Debug|Any CPU.Deploy.0 = Debug|Any CPU
		{886B0803-9DC5-45EB-A883-9DE770A7C97C}.Release|Any CPU.ActiveCfg = Release|Any CPU
		{886B0803-9DC5-45EB-A883-9DE770A7C97C}.Release|Any CPU.Build.0 = Release|Any CPU
		{886B0803-9DC5-45EB-A883-9DE770A7C97C}.Release|Any CPU.Deploy.0 = Release|Any CPU
		{59CB9E7F-B5D3-4F86-ADDC-5ED997D9D5E9}.Debug|Any CPU.ActiveCfg = Debug|Any CPU
		{59CB9E7F-B5D3-4F86-ADDC-5ED997D9D5E9}.Debug|Any CPU.Build.0 = Debug|Any CPU
		{59CB9E7F-B5D3-4F86-ADDC-5ED997D9D5E9}.Release|Any CPU.ActiveCfg = Release|Any CPU
		{59CB9E7F-B5D3-4F86-ADDC-5ED997D9D5E9}.Release|Any CPU.Build.0 = Release|Any CPU
	EndGlobalSection
	GlobalSection(SolutionProperties) = preSolution
		HideSolutionNode = FALSE
	EndGlobalSection
EndGlobal
