Microsoft Visual Studio Solution File, Format Version 12.00
# Visual Studio 2013
VisualStudioVersion = 12.0.30723.0
MinimumVisualStudioVersion = 10.0.40219.1
Project("{FAE04EC0-301F-11D3-BF4B-00C04F79EFBC}") = "Core.SimpleTimerJob", "Core.SimpleTimerJob\Core.SimpleTimerJob.csproj", "{B1FB2360-74B5-463B-862A-2663A4A855A0}"
EndProject
Project("{FAE04EC0-301F-11D3-BF4B-00C04F79EFBC}") = "Core.SimpleTimerJobWeb", "Core.SimpleTimerJobWeb\Core.SimpleTimerJobWeb.csproj", "{329A6E0C-3BC4-4915-B95B-AE7E3DD70658}"
EndProject
Project("{2150E333-8FDC-42A3-9474-1A3956D46DE8}") = "Documentation", "Documentation", "{3EF56A89-903B-4A01-924D-DABC572BD479}"
	ProjectSection(SolutionItems) = preProject
		readme.md = readme.md
	EndProjectSection
EndProject
Global
	GlobalSection(SolutionConfigurationPlatforms) = preSolution
		Debug|Any CPU = Debug|Any CPU
		Release|Any CPU = Release|Any CPU
	EndGlobalSection
	GlobalSection(ProjectConfigurationPlatforms) = postSolution
		{B1FB2360-74B5-463B-862A-2663A4A855A0}.Debug|Any CPU.ActiveCfg = Debug|Any CPU
		{B1FB2360-74B5-463B-862A-2663A4A855A0}.Debug|Any CPU.Build.0 = Debug|Any CPU
		{B1FB2360-74B5-463B-862A-2663A4A855A0}.Debug|Any CPU.Deploy.0 = Debug|Any CPU
		{B1FB2360-74B5-463B-862A-2663A4A855A0}.Release|Any CPU.ActiveCfg = Release|Any CPU
		{B1FB2360-74B5-463B-862A-2663A4A855A0}.Release|Any CPU.Build.0 = Release|Any CPU
		{B1FB2360-74B5-463B-862A-2663A4A855A0}.Release|Any CPU.Deploy.0 = Release|Any CPU
		{329A6E0C-3BC4-4915-B95B-AE7E3DD70658}.Debug|Any CPU.ActiveCfg = Debug|Any CPU
		{329A6E0C-3BC4-4915-B95B-AE7E3DD70658}.Debug|Any CPU.Build.0 = Debug|Any CPU
		{329A6E0C-3BC4-4915-B95B-AE7E3DD70658}.Release|Any CPU.ActiveCfg = Release|Any CPU
		{329A6E0C-3BC4-4915-B95B-AE7E3DD70658}.Release|Any CPU.Build.0 = Release|Any CPU
	EndGlobalSection
	GlobalSection(SolutionProperties) = preSolution
		HideSolutionNode = FALSE
	EndGlobalSection
EndGlobal
