
Microsoft Visual Studio Solution File, Format Version 12.00
# Visual Studio 2013
VisualStudioVersion = 12.0.30723.0
MinimumVisualStudioVersion = 10.0.40219.1
Project("{2150E333-8FDC-42A3-9474-1A3956D46DE8}") = "UX", "UX", "{B69D859E-0338-4665-82FB-601C35CC2EE6}"
EndProject
Project("{FAE04EC0-301F-11D3-BF4B-00C04F79EFBC}") = "Patterns.Provisioning.UI", "Patterns.Provisioning.UI\Patterns.Provisioning.UI.csproj", "{50392407-83C2-44AD-999C-FB3832114E32}"
EndProject
Project("{2150E333-8FDC-42A3-9474-1A3956D46DE8}") = "Libraries", "Libraries", "{64149BCE-00E4-47D7-BB2B-DFB1344D8FAD}"
EndProject
Project("{FAE04EC0-301F-11D3-BF4B-00C04F79EFBC}") = "Patterns.Provisioning.Common", "..\Patterns.Provisioning\Patterns.Provisioning.Common\Patterns.Provisioning.Common.csproj", "{1787E065-0D7E-4B61-9A2F-C0C8D6B37571}"
EndProject
Project("{2150E333-8FDC-42A3-9474-1A3956D46DE8}") = "Tests", "Tests", "{49A782E1-65DF-424B-8A38-F3AD5490976D}"
EndProject
Project("{FAE04EC0-301F-11D3-BF4B-00C04F79EFBC}") = "Patterns.Provisioning.Tests", "..\Patterns.Provisioning\Patterns.Provisioning.Tests\Patterns.Provisioning.Tests.csproj", "{A30D348E-DCA5-457A-8919-16E9CC4A411E}"
EndProject
Project("{FAE04EC0-301F-11D3-BF4B-00C04F79EFBC}") = "OfficeDevPnP.Core", "..\..\OfficeDevPnP.Core\OfficeDevPnP.Core\OfficeDevPnP.Core.csproj", "{F2077977-8EBF-409D-BBF4-8EFB328928A8}"
EndProject
Global
	GlobalSection(SolutionConfigurationPlatforms) = preSolution
		Debug|Any CPU = Debug|Any CPU
		Release|Any CPU = Release|Any CPU
	EndGlobalSection
	GlobalSection(ProjectConfigurationPlatforms) = postSolution
		{50392407-83C2-44AD-999C-FB3832114E32}.Debug|Any CPU.ActiveCfg = Debug|Any CPU
		{50392407-83C2-44AD-999C-FB3832114E32}.Debug|Any CPU.Build.0 = Debug|Any CPU
		{50392407-83C2-44AD-999C-FB3832114E32}.Release|Any CPU.ActiveCfg = Release|Any CPU
		{50392407-83C2-44AD-999C-FB3832114E32}.Release|Any CPU.Build.0 = Release|Any CPU
		{1787E065-0D7E-4B61-9A2F-C0C8D6B37571}.Debug|Any CPU.ActiveCfg = Debug|Any CPU
		{1787E065-0D7E-4B61-9A2F-C0C8D6B37571}.Debug|Any CPU.Build.0 = Debug|Any CPU
		{1787E065-0D7E-4B61-9A2F-C0C8D6B37571}.Release|Any CPU.ActiveCfg = Release|Any CPU
		{1787E065-0D7E-4B61-9A2F-C0C8D6B37571}.Release|Any CPU.Build.0 = Release|Any CPU
		{A30D348E-DCA5-457A-8919-16E9CC4A411E}.Debug|Any CPU.ActiveCfg = Debug|Any CPU
		{A30D348E-DCA5-457A-8919-16E9CC4A411E}.Debug|Any CPU.Build.0 = Debug|Any CPU
		{A30D348E-DCA5-457A-8919-16E9CC4A411E}.Release|Any CPU.ActiveCfg = Release|Any CPU
		{A30D348E-DCA5-457A-8919-16E9CC4A411E}.Release|Any CPU.Build.0 = Release|Any CPU
		{F2077977-8EBF-409D-BBF4-8EFB328928A8}.Debug|Any CPU.ActiveCfg = Debug|Any CPU
		{F2077977-8EBF-409D-BBF4-8EFB328928A8}.Debug|Any CPU.Build.0 = Debug|Any CPU
		{F2077977-8EBF-409D-BBF4-8EFB328928A8}.Release|Any CPU.ActiveCfg = Release|Any CPU
		{F2077977-8EBF-409D-BBF4-8EFB328928A8}.Release|Any CPU.Build.0 = Release|Any CPU
	EndGlobalSection
	GlobalSection(SolutionProperties) = preSolution
		HideSolutionNode = FALSE
	EndGlobalSection
	GlobalSection(NestedProjects) = preSolution
		{50392407-83C2-44AD-999C-FB3832114E32} = {B69D859E-0338-4665-82FB-601C35CC2EE6}
		{1787E065-0D7E-4B61-9A2F-C0C8D6B37571} = {64149BCE-00E4-47D7-BB2B-DFB1344D8FAD}
		{A30D348E-DCA5-457A-8919-16E9CC4A411E} = {49A782E1-65DF-424B-8A38-F3AD5490976D}
		{F2077977-8EBF-409D-BBF4-8EFB328928A8} = {64149BCE-00E4-47D7-BB2B-DFB1344D8FAD}
	EndGlobalSection
EndGlobal
