
Microsoft Visual Studio Solution File, Format Version 12.00
# Visual Studio 14
VisualStudioVersion = 14.0.23107.0
MinimumVisualStudioVersion = 10.0.40219.1
Project("{FAE04EC0-301F-11D3-BF4B-00C04F79EFBC}") = "Diagnostics.Logging", "Diagnostics.Logging\Diagnostics.Logging.csproj", "{79E1C3C9-E7A1-4F32-8314-6AF4C4E81956}"
EndProject
Project("{FAE04EC0-301F-11D3-BF4B-00C04F79EFBC}") = "Diagnostics.LoggingWeb", "Diagnostics.LoggingWeb\Diagnostics.LoggingWeb.csproj", "{C4B05EEF-2C33-4E87-BB77-CB537FDBBF3A}"
EndProject
Project("{FAE04EC0-301F-11D3-BF4B-00C04F79EFBC}") = "Diagnostics.LoggingWebJob", "Diagnostics.LoggingWebJob\Diagnostics.LoggingWebJob.csproj", "{94C2F463-4619-467D-97CC-E6E3811F1551}"
EndProject
Project("{2150E333-8FDC-42A3-9474-1A3956D46DE8}") = "Documentation", "Documentation", "{A6555DD0-AE71-4144-BF6A-4002EBD7E4AC}"
	ProjectSection(SolutionItems) = preProject
		README.md = README.md
	EndProjectSection
EndProject
Global
	GlobalSection(SolutionConfigurationPlatforms) = preSolution
		Debug|Any CPU = Debug|Any CPU
		Release|Any CPU = Release|Any CPU
	EndGlobalSection
	GlobalSection(ProjectConfigurationPlatforms) = postSolution
		{79E1C3C9-E7A1-4F32-8314-6AF4C4E81956}.Debug|Any CPU.ActiveCfg = Debug|Any CPU
		{79E1C3C9-E7A1-4F32-8314-6AF4C4E81956}.Debug|Any CPU.Build.0 = Debug|Any CPU
		{79E1C3C9-E7A1-4F32-8314-6AF4C4E81956}.Debug|Any CPU.Deploy.0 = Debug|Any CPU
		{79E1C3C9-E7A1-4F32-8314-6AF4C4E81956}.Release|Any CPU.ActiveCfg = Release|Any CPU
		{79E1C3C9-E7A1-4F32-8314-6AF4C4E81956}.Release|Any CPU.Build.0 = Release|Any CPU
		{79E1C3C9-E7A1-4F32-8314-6AF4C4E81956}.Release|Any CPU.Deploy.0 = Release|Any CPU
		{C4B05EEF-2C33-4E87-BB77-CB537FDBBF3A}.Debug|Any CPU.ActiveCfg = Debug|Any CPU
		{C4B05EEF-2C33-4E87-BB77-CB537FDBBF3A}.Debug|Any CPU.Build.0 = Debug|Any CPU
		{C4B05EEF-2C33-4E87-BB77-CB537FDBBF3A}.Release|Any CPU.ActiveCfg = Release|Any CPU
		{C4B05EEF-2C33-4E87-BB77-CB537FDBBF3A}.Release|Any CPU.Build.0 = Release|Any CPU
		{94C2F463-4619-467D-97CC-E6E3811F1551}.Debug|Any CPU.ActiveCfg = Debug|Any CPU
		{94C2F463-4619-467D-97CC-E6E3811F1551}.Debug|Any CPU.Build.0 = Debug|Any CPU
		{94C2F463-4619-467D-97CC-E6E3811F1551}.Release|Any CPU.ActiveCfg = Release|Any CPU
		{94C2F463-4619-467D-97CC-E6E3811F1551}.Release|Any CPU.Build.0 = Release|Any CPU
	EndGlobalSection
	GlobalSection(SolutionProperties) = preSolution
		HideSolutionNode = FALSE
	EndGlobalSection
EndGlobal
