Microsoft Visual Studio Solution File, Format Version 12.00
# Visual Studio 2013
VisualStudioVersion = 12.0.30723.0
MinimumVisualStudioVersion = 10.0.40219.1
Project("{FAE04EC0-301F-11D3-BF4B-00C04F79EFBC}") = "Provisioning.OneDrive", "Provisioning.OneDrive\Provisioning.OneDrive.csproj", "{AA043986-8997-4E12-96CB-B530A6FE5B69}"
EndProject
Project("{FAE04EC0-301F-11D3-BF4B-00C04F79EFBC}") = "Provisioning.OneDriveWeb", "Provisioning.OneDriveWeb\Provisioning.OneDriveWeb.csproj", "{3E0F81F9-1F9E-4621-83FE-A3D12D2F62D8}"
EndProject
Project("{2150E333-8FDC-42A3-9474-1A3956D46DE8}") = "Documents", "Documents", "{ACF0EF24-C749-40F9-A665-F26F553F0129}"
	ProjectSection(SolutionItems) = preProject
		readme.md = readme.md
	EndProjectSection
EndProject
Project("{2150E333-8FDC-42A3-9474-1A3956D46DE8}") = "Core", "Core", "{953A4F3A-BAFA-42FD-A293-F9FB670E7075}"
EndProject
Project("{FAE04EC0-301F-11D3-BF4B-00C04F79EFBC}") = "Provisioning.OneDrive.Reset.Console", "Provisioning.OneDrive.Reset.Console\Provisioning.OneDrive.Reset.Console.csproj", "{2763A12D-8CF8-4160-BB60-2E933D31777E}"
EndProject
Project("{FAE04EC0-301F-11D3-BF4B-00C04F79EFBC}") = "OfficeDevPnP.Core", "..\..\OfficeDevPnP.Core\OfficeDevPnP.Core\OfficeDevPnP.Core.csproj", "{F2077977-8EBF-409D-BBF4-8EFB328928A8}"
EndProject
Global
	GlobalSection(SolutionConfigurationPlatforms) = preSolution
		Debug|Any CPU = Debug|Any CPU
		Release|Any CPU = Release|Any CPU
	EndGlobalSection
	GlobalSection(ProjectConfigurationPlatforms) = postSolution
		{AA043986-8997-4E12-96CB-B530A6FE5B69}.Debug|Any CPU.ActiveCfg = Debug|Any CPU
		{AA043986-8997-4E12-96CB-B530A6FE5B69}.Debug|Any CPU.Build.0 = Debug|Any CPU
		{AA043986-8997-4E12-96CB-B530A6FE5B69}.Debug|Any CPU.Deploy.0 = Debug|Any CPU
		{AA043986-8997-4E12-96CB-B530A6FE5B69}.Release|Any CPU.ActiveCfg = Release|Any CPU
		{AA043986-8997-4E12-96CB-B530A6FE5B69}.Release|Any CPU.Build.0 = Release|Any CPU
		{AA043986-8997-4E12-96CB-B530A6FE5B69}.Release|Any CPU.Deploy.0 = Release|Any CPU
		{3E0F81F9-1F9E-4621-83FE-A3D12D2F62D8}.Debug|Any CPU.ActiveCfg = Debug|Any CPU
		{3E0F81F9-1F9E-4621-83FE-A3D12D2F62D8}.Debug|Any CPU.Build.0 = Debug|Any CPU
		{3E0F81F9-1F9E-4621-83FE-A3D12D2F62D8}.Release|Any CPU.ActiveCfg = Release|Any CPU
		{3E0F81F9-1F9E-4621-83FE-A3D12D2F62D8}.Release|Any CPU.Build.0 = Release|Any CPU
		{2763A12D-8CF8-4160-BB60-2E933D31777E}.Debug|Any CPU.ActiveCfg = Debug|Any CPU
		{2763A12D-8CF8-4160-BB60-2E933D31777E}.Debug|Any CPU.Build.0 = Debug|Any CPU
		{2763A12D-8CF8-4160-BB60-2E933D31777E}.Release|Any CPU.ActiveCfg = Release|Any CPU
		{2763A12D-8CF8-4160-BB60-2E933D31777E}.Release|Any CPU.Build.0 = Release|Any CPU
		{F2077977-8EBF-409D-BBF4-8EFB328928A8}.Debug|Any CPU.ActiveCfg = Debug|Any CPU
		{F2077977-8EBF-409D-BBF4-8EFB328928A8}.Debug|Any CPU.Build.0 = Debug|Any CPU
		{F2077977-8EBF-409D-BBF4-8EFB328928A8}.Release|Any CPU.ActiveCfg = Release|Any CPU
		{F2077977-8EBF-409D-BBF4-8EFB328928A8}.Release|Any CPU.Build.0 = Release|Any CPU
	EndGlobalSection
	GlobalSection(SolutionProperties) = preSolution
		HideSolutionNode = FALSE
	EndGlobalSection
	GlobalSection(NestedProjects) = preSolution
		{F2077977-8EBF-409D-BBF4-8EFB328928A8} = {953A4F3A-BAFA-42FD-A293-F9FB670E7075}
	EndGlobalSection
EndGlobal
