
Microsoft Visual Studio Solution File, Format Version 12.00
# Visual Studio 15
VisualStudioVersion = 15.0.26430.13
MinimumVisualStudioVersion = 10.0.40219.1
Project("{FAE04EC0-301F-11D3-BF4B-00C04F79EFBC}") = "MultiGeo.UserPreferredDataLocation", "MultiGeo.UserPreferredDataLocation\MultiGeo.UserPreferredDataLocation.csproj", "{3054313E-8B77-48DA-B4B0-8DDB3E86EF08}"
EndProject
Project("{2150E333-8FDC-42A3-9474-1A3956D46DE8}") = "Documentation", "Documentation", "{99024912-040E-4406-BCDE-3EF9353FF748}"
	ProjectSection(SolutionItems) = preProject
		README.md = README.md
	EndProjectSection
EndProject
Global
	GlobalSection(SolutionConfigurationPlatforms) = preSolution
		Debug|Any CPU = Debug|Any CPU
		Release|Any CPU = Release|Any CPU
	EndGlobalSection
	GlobalSection(ProjectConfigurationPlatforms) = postSolution
		{3054313E-8B77-48DA-B4B0-8DDB3E86EF08}.Debug|Any CPU.ActiveCfg = Debug|Any CPU
		{3054313E-8B77-48DA-B4B0-8DDB3E86EF08}.Debug|Any CPU.Build.0 = Debug|Any CPU
		{3054313E-8B77-48DA-B4B0-8DDB3E86EF08}.Release|Any CPU.ActiveCfg = Release|Any CPU
		{3054313E-8B77-48DA-B4B0-8DDB3E86EF08}.Release|Any CPU.Build.0 = Release|Any CPU
	EndGlobalSection
	GlobalSection(SolutionProperties) = preSolution
		HideSolutionNode = FALSE
	EndGlobalSection
EndGlobal
