
Microsoft Visual Studio Solution File, Format Version 12.00
# Visual Studio 14
VisualStudioVersion = 14.0.24720.0
MinimumVisualStudioVersion = 10.0.40219.1
Project("{FAE04EC0-301F-11D3-BF4B-00C04F79EFBC}") = "OutlookNotificationsAPI.WebAPI", "OutlookNotificationsAPI.WebAPI\OutlookNotificationsAPI.WebAPI.csproj", "{B3B728B8-0692-4DE0-92DB-49BF5E91D86B}"
EndProject
Global
	GlobalSection(SolutionConfigurationPlatforms) = preSolution
		Debug|Any CPU = Debug|Any CPU
		Release|Any CPU = Release|Any CPU
	EndGlobalSection
	GlobalSection(ProjectConfigurationPlatforms) = postSolution
		{B3B728B8-0692-4DE0-92DB-49BF5E91D86B}.Debug|Any CPU.ActiveCfg = Debug|Any CPU
		{B3B728B8-0692-4DE0-92DB-49BF5E91D86B}.Debug|Any CPU.Build.0 = Debug|Any CPU
		{B3B728B8-0692-4DE0-92DB-49BF5E91D86B}.Release|Any CPU.ActiveCfg = Release|Any CPU
		{B3B728B8-0692-4DE0-92DB-49BF5E91D86B}.Release|Any CPU.Build.0 = Release|Any CPU
	EndGlobalSection
	GlobalSection(SolutionProperties) = preSolution
		HideSolutionNode = FALSE
	EndGlobalSection
EndGlobal
