
Microsoft Visual Studio Solution File, Format Version 12.00
# Visual Studio 2013
VisualStudioVersion = 12.0.31101.0
MinimumVisualStudioVersion = 10.0.40219.1
Project("{FAE04EC0-301F-11D3-BF4B-00C04F79EFBC}") = "Core.RestFileUpload", "Core.RestFileUpload.csproj", "{C264078C-0A74-4D97-BD76-1186C2338390}"
EndProject
Global
	GlobalSection(SolutionConfigurationPlatforms) = preSolution
		Debug|Any CPU = Debug|Any CPU
		Release|Any CPU = Release|Any CPU
	EndGlobalSection
	GlobalSection(ProjectConfigurationPlatforms) = postSolution
		{C264078C-0A74-4D97-BD76-1186C2338390}.Debug|Any CPU.ActiveCfg = Debug|Any CPU
		{C264078C-0A74-4D97-BD76-1186C2338390}.Debug|Any CPU.Build.0 = Debug|Any CPU
		{C264078C-0A74-4D97-BD76-1186C2338390}.Release|Any CPU.ActiveCfg = Release|Any CPU
		{C264078C-0A74-4D97-BD76-1186C2338390}.Release|Any CPU.Build.0 = Release|Any CPU
	EndGlobalSection
	GlobalSection(SolutionProperties) = preSolution
		HideSolutionNode = FALSE
	EndGlobalSection
EndGlobal
