
Microsoft Visual Studio Solution File, Format Version 12.00
# Visual Studio 2013
VisualStudioVersion = 12.0.30723.0
MinimumVisualStudioVersion = 10.0.40219.1
Project("{FAE04EC0-301F-11D3-BF4B-00C04F79EFBC}") = "Workflow.AssociateToHostWeb", "Workflow.AssociateToHostWeb\Workflow.AssociateToHostWeb.csproj", "{0A101AFB-73A9-4F1F-A4E5-6A9D9FADD4CE}"
EndProject
Project("{2150E333-8FDC-42A3-9474-1A3956D46DE8}") = "Documents", "Documents", "{A617F7A2-A21C-4DC2-BAC3-E03347C44FEF}"
	ProjectSection(SolutionItems) = preProject
		readme.md = readme.md
	EndProjectSection
EndProject
Global
	GlobalSection(SolutionConfigurationPlatforms) = preSolution
		Debug|Any CPU = Debug|Any CPU
		Release|Any CPU = Release|Any CPU
	EndGlobalSection
	GlobalSection(ProjectConfigurationPlatforms) = postSolution
		{0A101AFB-73A9-4F1F-A4E5-6A9D9FADD4CE}.Debug|Any CPU.ActiveCfg = Debug|Any CPU
		{0A101AFB-73A9-4F1F-A4E5-6A9D9FADD4CE}.Debug|Any CPU.Build.0 = Debug|Any CPU
		{0A101AFB-73A9-4F1F-A4E5-6A9D9FADD4CE}.Debug|Any CPU.Deploy.0 = Debug|Any CPU
		{0A101AFB-73A9-4F1F-A4E5-6A9D9FADD4CE}.Release|Any CPU.ActiveCfg = Release|Any CPU
		{0A101AFB-73A9-4F1F-A4E5-6A9D9FADD4CE}.Release|Any CPU.Build.0 = Release|Any CPU
		{0A101AFB-73A9-4F1F-A4E5-6A9D9FADD4CE}.Release|Any CPU.Deploy.0 = Release|Any CPU
	EndGlobalSection
	GlobalSection(SolutionProperties) = preSolution
		HideSolutionNode = FALSE
	EndGlobalSection
EndGlobal
