
Microsoft Visual Studio Solution File, Format Version 12.00
# Visual Studio 14
VisualStudioVersion = 14.0.23107.0
MinimumVisualStudioVersion = 10.0.40219.1
Project("{FAE04EC0-301F-11D3-BF4B-00C04F79EFBC}") = "AzureAD.WebApi.SPOnline.ConsoleApp", "AzureAD.WebApi.SPOnline.ConsoleApp\AzureAD.WebApi.SPOnline.ConsoleApp.csproj", "{F2B4C98E-F29D-4833-A355-BAF83C08A7E5}"
EndProject
Project("{FAE04EC0-301F-11D3-BF4B-00C04F79EFBC}") = "AzureAD.WebApi.SPOnline.WebApi", "AzureAD.WebApi.SPOnline.WebApi\AzureAD.WebApi.SPOnline.WebApi.csproj", "{BC65D679-F6EF-4BF7-87D8-88094971D1FD}"
EndProject
Project("{2150E333-8FDC-42A3-9474-1A3956D46DE8}") = "Documentation", "Documentation", "{E80DB4A8-35AE-4173-95D4-94A74927D4E3}"
	ProjectSection(SolutionItems) = preProject
		readme.md = readme.md
	EndProjectSection
EndProject
Global
	GlobalSection(SolutionConfigurationPlatforms) = preSolution
		Debug|Any CPU = Debug|Any CPU
		Release|Any CPU = Release|Any CPU
	EndGlobalSection
	GlobalSection(ProjectConfigurationPlatforms) = postSolution
		{F2B4C98E-F29D-4833-A355-BAF83C08A7E5}.Debug|Any CPU.ActiveCfg = Debug|Any CPU
		{F2B4C98E-F29D-4833-A355-BAF83C08A7E5}.Debug|Any CPU.Build.0 = Debug|Any CPU
		{F2B4C98E-F29D-4833-A355-BAF83C08A7E5}.Release|Any CPU.ActiveCfg = Release|Any CPU
		{F2B4C98E-F29D-4833-A355-BAF83C08A7E5}.Release|Any CPU.Build.0 = Release|Any CPU
		{BC65D679-F6EF-4BF7-87D8-88094971D1FD}.Debug|Any CPU.ActiveCfg = Debug|Any CPU
		{BC65D679-F6EF-4BF7-87D8-88094971D1FD}.Debug|Any CPU.Build.0 = Debug|Any CPU
		{BC65D679-F6EF-4BF7-87D8-88094971D1FD}.Release|Any CPU.ActiveCfg = Release|Any CPU
		{BC65D679-F6EF-4BF7-87D8-88094971D1FD}.Release|Any CPU.Build.0 = Release|Any CPU
	EndGlobalSection
	GlobalSection(SolutionProperties) = preSolution
		HideSolutionNode = FALSE
	EndGlobalSection
EndGlobal
