Microsoft Visual Studio Solution File, Format Version 12.00
# Visual Studio 2013
VisualStudioVersion = 12.0.30723.0
MinimumVisualStudioVersion = 10.0.40219.1
Project("{FAE04EC0-301F-11D3-BF4B-00C04F79EFBC}") = "Workflow.CallServiceUpdateSPViaProxy", "Workflow.CallServiceUpdateSPViaProxy\Workflow.CallServiceUpdateSPViaProxy.csproj", "{673406A7-7EFF-4C0B-B7AD-97661FD456D8}"
EndProject
Project("{FAE04EC0-301F-11D3-BF4B-00C04F79EFBC}") = "Workflow.CallServiceUpdateSPViaProxyWeb", "Workflow.CallServiceUpdateSPViaProxyWeb\Workflow.CallServiceUpdateSPViaProxyWeb.csproj", "{88891748-22E3-4562-BDA8-3F3BBB727D8D}"
EndProject
Project("{2150E333-8FDC-42A3-9474-1A3956D46DE8}") = "Documents", "Documents", "{0E14C9AE-E367-498A-8976-8B3F3D2DC3B3}"
	ProjectSection(SolutionItems) = preProject
		readme.md = readme.md
	EndProjectSection
EndProject
Global
	GlobalSection(SolutionConfigurationPlatforms) = preSolution
		Debug|Any CPU = Debug|Any CPU
		Release|Any CPU = Release|Any CPU
	EndGlobalSection
	GlobalSection(ProjectConfigurationPlatforms) = postSolution
		{673406A7-7EFF-4C0B-B7AD-97661FD456D8}.Debug|Any CPU.ActiveCfg = Debug|Any CPU
		{673406A7-7EFF-4C0B-B7AD-97661FD456D8}.Debug|Any CPU.Build.0 = Debug|Any CPU
		{673406A7-7EFF-4C0B-B7AD-97661FD456D8}.Debug|Any CPU.Deploy.0 = Debug|Any CPU
		{673406A7-7EFF-4C0B-B7AD-97661FD456D8}.Release|Any CPU.ActiveCfg = Release|Any CPU
		{673406A7-7EFF-4C0B-B7AD-97661FD456D8}.Release|Any CPU.Build.0 = Release|Any CPU
		{673406A7-7EFF-4C0B-B7AD-97661FD456D8}.Release|Any CPU.Deploy.0 = Release|Any CPU
		{88891748-22E3-4562-BDA8-3F3BBB727D8D}.Debug|Any CPU.ActiveCfg = Debug|Any CPU
		{88891748-22E3-4562-BDA8-3F3BBB727D8D}.Debug|Any CPU.Build.0 = Debug|Any CPU
		{88891748-22E3-4562-BDA8-3F3BBB727D8D}.Release|Any CPU.ActiveCfg = Release|Any CPU
		{88891748-22E3-4562-BDA8-3F3BBB727D8D}.Release|Any CPU.Build.0 = Release|Any CPU
	EndGlobalSection
	GlobalSection(SolutionProperties) = preSolution
		HideSolutionNode = FALSE
	EndGlobalSection
EndGlobal
