
Microsoft Visual Studio Solution File, Format Version 12.00
# Visual Studio 2013
VisualStudioVersion = 12.0.30723.0
MinimumVisualStudioVersion = 10.0.40219.1
Project("{2150E333-8FDC-42A3-9474-1A3956D46DE8}") = "Core", "Core", "{9087B9D8-5A3F-425D-80F9-D2E2A70B1B33}"
EndProject
Project("{2150E333-8FDC-42A3-9474-1A3956D46DE8}") = "Documentation", "Documentation", "{A04DDE27-DAC4-454C-8F3D-A71787697B63}"
EndProject
Project("{2150E333-8FDC-42A3-9474-1A3956D46DE8}") = "Provisioning", "Provisioning", "{415885D7-90E5-43F8-B87F-2AB5FE133FC9}"
EndProject
Project("{FAE04EC0-301F-11D3-BF4B-00C04F79EFBC}") = "Patterns.Provisioning", "..\Patterns.Provisioning\Patterns.Provisioning\Patterns.Provisioning.csproj", "{B2F7C6A7-D59F-4512-92A7-281B08D71235}"
EndProject
Project("{FAE04EC0-301F-11D3-BF4B-00C04F79EFBC}") = "Patterns.Provisioning.Resources", "..\Patterns.Provisioning\Patterns.Provisioning.Resources\Patterns.Provisioning.Resources.csproj", "{9A88BAB0-8581-4928-8CD9-F4CDEC3E9329}"
EndProject
Project("{2150E333-8FDC-42A3-9474-1A3956D46DE8}") = "UI", "UI", "{1E66B840-BD1F-4FF0-87F8-02BCBF239F1F}"
EndProject
Project("{FAE04EC0-301F-11D3-BF4B-00C04F79EFBC}") = "Patterns.Hosting.IIS.Jobs", "Patterns.Hosting.IIS.Jobs\Patterns.Hosting.IIS.Jobs.csproj", "{11075355-E5AC-40CC-9C38-D3D579EDFE00}"
EndProject
Project("{FAE04EC0-301F-11D3-BF4B-00C04F79EFBC}") = "Patterns.Provisioning.Common", "..\Patterns.Provisioning\Patterns.Provisioning.Common\Patterns.Provisioning.Common.csproj", "{1787E065-0D7E-4B61-9A2F-C0C8D6B37571}"
EndProject
Project("{FAE04EC0-301F-11D3-BF4B-00C04F79EFBC}") = "OfficeDevPnP.Core", "..\..\OfficeDevPnP.Core\OfficeDevPnP.Core\OfficeDevPnP.Core.csproj", "{F2077977-8EBF-409D-BBF4-8EFB328928A8}"
EndProject
Global
	GlobalSection(SolutionConfigurationPlatforms) = preSolution
		Debug|Any CPU = Debug|Any CPU
		Release|Any CPU = Release|Any CPU
	EndGlobalSection
	GlobalSection(ProjectConfigurationPlatforms) = postSolution
		{B2F7C6A7-D59F-4512-92A7-281B08D71235}.Debug|Any CPU.ActiveCfg = Debug|Any CPU
		{B2F7C6A7-D59F-4512-92A7-281B08D71235}.Debug|Any CPU.Build.0 = Debug|Any CPU
		{B2F7C6A7-D59F-4512-92A7-281B08D71235}.Release|Any CPU.ActiveCfg = Release|Any CPU
		{B2F7C6A7-D59F-4512-92A7-281B08D71235}.Release|Any CPU.Build.0 = Release|Any CPU
		{9A88BAB0-8581-4928-8CD9-F4CDEC3E9329}.Debug|Any CPU.ActiveCfg = Debug|Any CPU
		{9A88BAB0-8581-4928-8CD9-F4CDEC3E9329}.Debug|Any CPU.Build.0 = Debug|Any CPU
		{9A88BAB0-8581-4928-8CD9-F4CDEC3E9329}.Release|Any CPU.ActiveCfg = Release|Any CPU
		{9A88BAB0-8581-4928-8CD9-F4CDEC3E9329}.Release|Any CPU.Build.0 = Release|Any CPU
		{11075355-E5AC-40CC-9C38-D3D579EDFE00}.Debug|Any CPU.ActiveCfg = Debug|Any CPU
		{11075355-E5AC-40CC-9C38-D3D579EDFE00}.Debug|Any CPU.Build.0 = Debug|Any CPU
		{11075355-E5AC-40CC-9C38-D3D579EDFE00}.Release|Any CPU.ActiveCfg = Release|Any CPU
		{11075355-E5AC-40CC-9C38-D3D579EDFE00}.Release|Any CPU.Build.0 = Release|Any CPU
		{1787E065-0D7E-4B61-9A2F-C0C8D6B37571}.Debug|Any CPU.ActiveCfg = Debug|Any CPU
		{1787E065-0D7E-4B61-9A2F-C0C8D6B37571}.Debug|Any CPU.Build.0 = Debug|Any CPU
		{1787E065-0D7E-4B61-9A2F-C0C8D6B37571}.Release|Any CPU.ActiveCfg = Release|Any CPU
		{1787E065-0D7E-4B61-9A2F-C0C8D6B37571}.Release|Any CPU.Build.0 = Release|Any CPU
		{F2077977-8EBF-409D-BBF4-8EFB328928A8}.Debug|Any CPU.ActiveCfg = Debug|Any CPU
		{F2077977-8EBF-409D-BBF4-8EFB328928A8}.Debug|Any CPU.Build.0 = Debug|Any CPU
		{F2077977-8EBF-409D-BBF4-8EFB328928A8}.Release|Any CPU.ActiveCfg = Release|Any CPU
		{F2077977-8EBF-409D-BBF4-8EFB328928A8}.Release|Any CPU.Build.0 = Release|Any CPU
	EndGlobalSection
	GlobalSection(SolutionProperties) = preSolution
		HideSolutionNode = FALSE
	EndGlobalSection
	GlobalSection(NestedProjects) = preSolution
		{B2F7C6A7-D59F-4512-92A7-281B08D71235} = {415885D7-90E5-43F8-B87F-2AB5FE133FC9}
		{9A88BAB0-8581-4928-8CD9-F4CDEC3E9329} = {415885D7-90E5-43F8-B87F-2AB5FE133FC9}
		{1787E065-0D7E-4B61-9A2F-C0C8D6B37571} = {415885D7-90E5-43F8-B87F-2AB5FE133FC9}
		{F2077977-8EBF-409D-BBF4-8EFB328928A8} = {9087B9D8-5A3F-425D-80F9-D2E2A70B1B33}
	EndGlobalSection
EndGlobal
