
Microsoft Visual Studio Solution File, Format Version 12.00
# Visual Studio 2013
VisualStudioVersion = 12.0.30723.0
MinimumVisualStudioVersion = 10.0.40219.1
Project("{FAE04EC0-301F-11D3-BF4B-00C04F79EFBC}") = "Workflow.CustomTasks", "Workflow.CustomTasks\Workflow.CustomTasks.csproj", "{255A220E-3278-4FF7-B7DE-B0E7E015FD25}"
EndProject
Project("{2150E333-8FDC-42A3-9474-1A3956D46DE8}") = "Documents", "Documents", "{2D179954-B63F-4154-BE23-D60855EF85CF}"
	ProjectSection(SolutionItems) = preProject
		readme.md = readme.md
	EndProjectSection
EndProject
Global
	GlobalSection(SolutionConfigurationPlatforms) = preSolution
		Debug|Any CPU = Debug|Any CPU
		Release|Any CPU = Release|Any CPU
	EndGlobalSection
	GlobalSection(ProjectConfigurationPlatforms) = postSolution
		{255A220E-3278-4FF7-B7DE-B0E7E015FD25}.Debug|Any CPU.ActiveCfg = Debug|Any CPU
		{255A220E-3278-4FF7-B7DE-B0E7E015FD25}.Debug|Any CPU.Build.0 = Debug|Any CPU
		{255A220E-3278-4FF7-B7DE-B0E7E015FD25}.Debug|Any CPU.Deploy.0 = Debug|Any CPU
		{255A220E-3278-4FF7-B7DE-B0E7E015FD25}.Release|Any CPU.ActiveCfg = Release|Any CPU
		{255A220E-3278-4FF7-B7DE-B0E7E015FD25}.Release|Any CPU.Build.0 = Release|Any CPU
		{255A220E-3278-4FF7-B7DE-B0E7E015FD25}.Release|Any CPU.Deploy.0 = Release|Any CPU
	EndGlobalSection
	GlobalSection(SolutionProperties) = preSolution
		HideSolutionNode = FALSE
	EndGlobalSection
EndGlobal
