
Microsoft Visual Studio Solution File, Format Version 12.00
# Visual Studio 14
VisualStudioVersion = 14.0.23107.0
MinimumVisualStudioVersion = 10.0.40219.1
Project("{2150E333-8FDC-42A3-9474-1A3956D46DE8}") = "Documentation", "Documentation", "{7B38B1A0-D60E-4B1F-8B33-1985C536712A}"
	ProjectSection(SolutionItems) = preProject
		readme.md = readme.md
	EndProjectSection
EndProject
Project("{FAE04EC0-301F-11D3-BF4B-00C04F79EFBC}") = "ECM.RecordsManagement.Console", "ECM.RecordsManagement.Console\ECM.RecordsManagement.Console.csproj", "{4F4802FB-33A9-4839-AC28-0D38B4821DC2}"
EndProject
Project("{FAE04EC0-301F-11D3-BF4B-00C04F79EFBC}") = "ECM.RecordsManagement", "ECM.RecordsManagement\ECM.RecordsManagement.csproj", "{1719CE6B-9F09-4CB5-B611-57F1FFCE961A}"
EndProject
Project("{FAE04EC0-301F-11D3-BF4B-00C04F79EFBC}") = "ECM.RecordsManagementWeb", "ECM.RecordsManagementWeb\ECM.RecordsManagementWeb.csproj", "{830056B1-55BA-40BB-8028-1D029362F030}"
EndProject
Global
	GlobalSection(SolutionConfigurationPlatforms) = preSolution
		Debug|Any CPU = Debug|Any CPU
		Release|Any CPU = Release|Any CPU
	EndGlobalSection
	GlobalSection(ProjectConfigurationPlatforms) = postSolution
		{4F4802FB-33A9-4839-AC28-0D38B4821DC2}.Debug|Any CPU.ActiveCfg = Debug|Any CPU
		{4F4802FB-33A9-4839-AC28-0D38B4821DC2}.Debug|Any CPU.Build.0 = Debug|Any CPU
		{4F4802FB-33A9-4839-AC28-0D38B4821DC2}.Release|Any CPU.ActiveCfg = Release|Any CPU
		{4F4802FB-33A9-4839-AC28-0D38B4821DC2}.Release|Any CPU.Build.0 = Release|Any CPU
		{1719CE6B-9F09-4CB5-B611-57F1FFCE961A}.Debug|Any CPU.ActiveCfg = Debug|Any CPU
		{1719CE6B-9F09-4CB5-B611-57F1FFCE961A}.Debug|Any CPU.Build.0 = Debug|Any CPU
		{1719CE6B-9F09-4CB5-B611-57F1FFCE961A}.Debug|Any CPU.Deploy.0 = Debug|Any CPU
		{1719CE6B-9F09-4CB5-B611-57F1FFCE961A}.Release|Any CPU.ActiveCfg = Release|Any CPU
		{1719CE6B-9F09-4CB5-B611-57F1FFCE961A}.Release|Any CPU.Build.0 = Release|Any CPU
		{1719CE6B-9F09-4CB5-B611-57F1FFCE961A}.Release|Any CPU.Deploy.0 = Release|Any CPU
		{830056B1-55BA-40BB-8028-1D029362F030}.Debug|Any CPU.ActiveCfg = Debug|Any CPU
		{830056B1-55BA-40BB-8028-1D029362F030}.Debug|Any CPU.Build.0 = Debug|Any CPU
		{830056B1-55BA-40BB-8028-1D029362F030}.Release|Any CPU.ActiveCfg = Release|Any CPU
		{830056B1-55BA-40BB-8028-1D029362F030}.Release|Any CPU.Build.0 = Release|Any CPU
	EndGlobalSection
	GlobalSection(SolutionProperties) = preSolution
		HideSolutionNode = FALSE
	EndGlobalSection
EndGlobal
