Microsoft Visual Studio Solution File, Format Version 12.00
# Visual Studio 2013
VisualStudioVersion = 12.0.30723.0
MinimumVisualStudioVersion = 10.0.40219.1
Project("{FAE04EC0-301F-11D3-BF4B-00C04F79EFBC}") = "Core.UploadWebPart", "Core.UploadWebPart\Core.UploadWebPart.csproj", "{B95425B7-4D3C-4245-BAF6-A3821A4D1616}"
EndProject
Project("{FAE04EC0-301F-11D3-BF4B-00C04F79EFBC}") = "Core.UploadWebPartWeb", "Core.UploadWebPartWeb\Core.UploadWebPartWeb.csproj", "{AA5849B8-6CC3-44F2-93C2-E5CCD3D9A964}"
EndProject
Project("{2150E333-8FDC-42A3-9474-1A3956D46DE8}") = "Documentation", "Documentation", "{717F0295-7609-4ACA-8475-D0476632E6B0}"
	ProjectSection(SolutionItems) = preProject
		readme.md = readme.md
	EndProjectSection
EndProject
Global
	GlobalSection(SolutionConfigurationPlatforms) = preSolution
		Debug|Any CPU = Debug|Any CPU
		Release|Any CPU = Release|Any CPU
	EndGlobalSection
	GlobalSection(ProjectConfigurationPlatforms) = postSolution
		{B95425B7-4D3C-4245-BAF6-A3821A4D1616}.Debug|Any CPU.ActiveCfg = Debug|Any CPU
		{B95425B7-4D3C-4245-BAF6-A3821A4D1616}.Debug|Any CPU.Build.0 = Debug|Any CPU
		{B95425B7-4D3C-4245-BAF6-A3821A4D1616}.Debug|Any CPU.Deploy.0 = Debug|Any CPU
		{B95425B7-4D3C-4245-BAF6-A3821A4D1616}.Release|Any CPU.ActiveCfg = Release|Any CPU
		{B95425B7-4D3C-4245-BAF6-A3821A4D1616}.Release|Any CPU.Build.0 = Release|Any CPU
		{B95425B7-4D3C-4245-BAF6-A3821A4D1616}.Release|Any CPU.Deploy.0 = Release|Any CPU
		{AA5849B8-6CC3-44F2-93C2-E5CCD3D9A964}.Debug|Any CPU.ActiveCfg = Debug|Any CPU
		{AA5849B8-6CC3-44F2-93C2-E5CCD3D9A964}.Debug|Any CPU.Build.0 = Debug|Any CPU
		{AA5849B8-6CC3-44F2-93C2-E5CCD3D9A964}.Release|Any CPU.ActiveCfg = Release|Any CPU
		{AA5849B8-6CC3-44F2-93C2-E5CCD3D9A964}.Release|Any CPU.Build.0 = Release|Any CPU
	EndGlobalSection
	GlobalSection(SolutionProperties) = preSolution
		HideSolutionNode = FALSE
	EndGlobalSection
EndGlobal
