Microsoft Visual Studio Solution File, Format Version 12.00
# Visual Studio 14
VisualStudioVersion = 14.0.23107.0
MinimumVisualStudioVersion = 10.0.40219.1
Project("{2150E333-8FDC-42A3-9474-1A3956D46DE8}") = "Documentation", "Documentation", "{6B04D2FB-6A2A-41E9-BB87-075107CFCF32}"
	ProjectSection(SolutionItems) = preProject
		readme.md = readme.md
	EndProjectSection
EndProject
Project("{FAE04EC0-301F-11D3-BF4B-00C04F79EFBC}") = "Provisioning.PublishingFeatures", "Provisioning.PublishingFeatures\Provisioning.PublishingFeatures.csproj", "{44069CBD-60C3-4331-9C79-0163734D0E61}"
EndProject
Project("{FAE04EC0-301F-11D3-BF4B-00C04F79EFBC}") = "Provisioning.PublishingFeaturesWeb", "Provisioning.PublishingFeaturesWeb\Provisioning.PublishingFeaturesWeb.csproj", "{07BA5C35-C89B-4751-AECF-95CE015D766B}"
EndProject
Global
	GlobalSection(SolutionConfigurationPlatforms) = preSolution
		Debug|Any CPU = Debug|Any CPU
		Release|Any CPU = Release|Any CPU
	EndGlobalSection
	GlobalSection(ProjectConfigurationPlatforms) = postSolution
		{44069CBD-60C3-4331-9C79-0163734D0E61}.Debug|Any CPU.ActiveCfg = Debug|Any CPU
		{44069CBD-60C3-4331-9C79-0163734D0E61}.Debug|Any CPU.Build.0 = Debug|Any CPU
		{44069CBD-60C3-4331-9C79-0163734D0E61}.Debug|Any CPU.Deploy.0 = Debug|Any CPU
		{44069CBD-60C3-4331-9C79-0163734D0E61}.Release|Any CPU.ActiveCfg = Release|Any CPU
		{44069CBD-60C3-4331-9C79-0163734D0E61}.Release|Any CPU.Build.0 = Release|Any CPU
		{44069CBD-60C3-4331-9C79-0163734D0E61}.Release|Any CPU.Deploy.0 = Release|Any CPU
		{07BA5C35-C89B-4751-AECF-95CE015D766B}.Debug|Any CPU.ActiveCfg = Debug|Any CPU
		{07BA5C35-C89B-4751-AECF-95CE015D766B}.Debug|Any CPU.Build.0 = Debug|Any CPU
		{07BA5C35-C89B-4751-AECF-95CE015D766B}.Release|Any CPU.ActiveCfg = Release|Any CPU
		{07BA5C35-C89B-4751-AECF-95CE015D766B}.Release|Any CPU.Build.0 = Release|Any CPU
	EndGlobalSection
	GlobalSection(SolutionProperties) = preSolution
		HideSolutionNode = FALSE
	EndGlobalSection
EndGlobal
