
Microsoft Visual Studio Solution File, Format Version 12.00
# Visual Studio 2013
VisualStudioVersion = 12.0.31101.0
MinimumVisualStudioVersion = 10.0.40219.1
Project("{FAE04EC0-301F-11D3-BF4B-00C04F79EFBC}") = "Provisioning.Cloud.Management", "Provisioning.Cloud.Management\Provisioning.Cloud.Management.csproj", "{6587EF92-9050-4699-832A-A263AED32448}"
EndProject
Project("{2150E333-8FDC-42A3-9474-1A3956D46DE8}") = "Solution Items", "Solution Items", "{4B8CD894-7332-46E3-AEF1-C0DC023C5178}"
	ProjectSection(SolutionItems) = preProject
		README.md = README.md
	EndProjectSection
EndProject
Project("{2150E333-8FDC-42A3-9474-1A3956D46DE8}") = "readme_resources", "readme_resources", "{61C30452-6949-486E-AA4F-F6A4C07D09C0}"
	ProjectSection(SolutionItems) = preProject
		readme_resources\01.png = readme_resources\01.png
		readme_resources\02.png = readme_resources\02.png
		readme_resources\03.png = readme_resources\03.png
		readme_resources\04.png = readme_resources\04.png
		readme_resources\05.png = readme_resources\05.png
		readme_resources\06.png = readme_resources\06.png
	EndProjectSection
EndProject
Global
	GlobalSection(SolutionConfigurationPlatforms) = preSolution
		Debug|Any CPU = Debug|Any CPU
		Release|Any CPU = Release|Any CPU
	EndGlobalSection
	GlobalSection(ProjectConfigurationPlatforms) = postSolution
		{6587EF92-9050-4699-832A-A263AED32448}.Debug|Any CPU.ActiveCfg = Debug|Any CPU
		{6587EF92-9050-4699-832A-A263AED32448}.Debug|Any CPU.Build.0 = Debug|Any CPU
		{6587EF92-9050-4699-832A-A263AED32448}.Release|Any CPU.ActiveCfg = Release|Any CPU
		{6587EF92-9050-4699-832A-A263AED32448}.Release|Any CPU.Build.0 = Release|Any CPU
	EndGlobalSection
	GlobalSection(SolutionProperties) = preSolution
		HideSolutionNode = FALSE
	EndGlobalSection
	GlobalSection(NestedProjects) = preSolution
		{61C30452-6949-486E-AA4F-F6A4C07D09C0} = {4B8CD894-7332-46E3-AEF1-C0DC023C5178}
	EndGlobalSection
EndGlobal
