
Microsoft Visual Studio Solution File, Format Version 12.00
# Visual Studio 14
VisualStudioVersion = 14.0.25420.1
MinimumVisualStudioVersion = 10.0.40219.1
Project("{FAE04EC0-301F-11D3-BF4B-00C04F79EFBC}") = "SharePoint.React.SupportsTickets", "SupportTickets.React\SharePoint.React.SupportsTickets.csproj", "{AD2F7336-1E88-4D3D-B3CE-5DA58DA0B43A}"
EndProject
Project("{2150E333-8FDC-42A3-9474-1A3956D46DE8}") = "Documentation", "Documentation", "{1FF44230-D305-42CE-9292-1193F38C6743}"
	ProjectSection(SolutionItems) = preProject
		Documentation\Architectiure.pptx = Documentation\Architectiure.pptx
		..\..\ReactJS\samples\react-sharepoint-support-form\readme.md = ..\..\ReactJS\samples\react-sharepoint-support-form\readme.md
	EndProjectSection
EndProject
Global
	GlobalSection(SolutionConfigurationPlatforms) = preSolution
		Debug|Any CPU = Debug|Any CPU
		Release|Any CPU = Release|Any CPU
	EndGlobalSection
	GlobalSection(ProjectConfigurationPlatforms) = postSolution
		{AD2F7336-1E88-4D3D-B3CE-5DA58DA0B43A}.Debug|Any CPU.ActiveCfg = Debug|Any CPU
		{AD2F7336-1E88-4D3D-B3CE-5DA58DA0B43A}.Debug|Any CPU.Build.0 = Debug|Any CPU
		{AD2F7336-1E88-4D3D-B3CE-5DA58DA0B43A}.Release|Any CPU.ActiveCfg = Release|Any CPU
		{AD2F7336-1E88-4D3D-B3CE-5DA58DA0B43A}.Release|Any CPU.Build.0 = Release|Any CPU
	EndGlobalSection
	GlobalSection(SolutionProperties) = preSolution
		HideSolutionNode = FALSE
	EndGlobalSection
EndGlobal
