
Microsoft Visual Studio Solution File, Format Version 12.00
# Visual Studio 15
VisualStudioVersion = 15.0.26430.13
MinimumVisualStudioVersion = 10.0.40219.1
Project("{FAE04EC0-301F-11D3-BF4B-00C04F79EFBC}") = "Provisioning.ModernPages", "Provisioning.ModernPages\Provisioning.ModernPages.csproj", "{125EE727-2749-43E6-ABEC-DB626B970D25}"
EndProject
Project("{2150E333-8FDC-42A3-9474-1A3956D46DE8}") = "Documentation", "Documentation", "{48349089-3C01-4509-8F6B-A729D00E2424}"
	ProjectSection(SolutionItems) = preProject
		README.md = README.md
	EndProjectSection
EndProject
Global
	GlobalSection(SolutionConfigurationPlatforms) = preSolution
		Debug|Any CPU = Debug|Any CPU
		Debug15|Any CPU = Debug15|Any CPU
		Debug16|Any CPU = Debug16|Any CPU
		Release|Any CPU = Release|Any CPU
		Release15|Any CPU = Release15|Any CPU
		Release16|Any CPU = Release16|Any CPU
	EndGlobalSection
	GlobalSection(ProjectConfigurationPlatforms) = postSolution
		{125EE727-2749-43E6-ABEC-DB626B970D25}.Debug|Any CPU.ActiveCfg = Debug|Any CPU
		{125EE727-2749-43E6-ABEC-DB626B970D25}.Debug|Any CPU.Build.0 = Debug|Any CPU
		{125EE727-2749-43E6-ABEC-DB626B970D25}.Debug15|Any CPU.ActiveCfg = Debug|Any CPU
		{125EE727-2749-43E6-ABEC-DB626B970D25}.Debug15|Any CPU.Build.0 = Debug|Any CPU
		{125EE727-2749-43E6-ABEC-DB626B970D25}.Debug16|Any CPU.ActiveCfg = Debug|Any CPU
		{125EE727-2749-43E6-ABEC-DB626B970D25}.Debug16|Any CPU.Build.0 = Debug|Any CPU
		{125EE727-2749-43E6-ABEC-DB626B970D25}.Release|Any CPU.ActiveCfg = Release|Any CPU
		{125EE727-2749-43E6-ABEC-DB626B970D25}.Release|Any CPU.Build.0 = Release|Any CPU
		{125EE727-2749-43E6-ABEC-DB626B970D25}.Release15|Any CPU.ActiveCfg = Release|Any CPU
		{125EE727-2749-43E6-ABEC-DB626B970D25}.Release15|Any CPU.Build.0 = Release|Any CPU
		{125EE727-2749-43E6-ABEC-DB626B970D25}.Release16|Any CPU.ActiveCfg = Release|Any CPU
		{125EE727-2749-43E6-ABEC-DB626B970D25}.Release16|Any CPU.Build.0 = Release|Any CPU
	EndGlobalSection
	GlobalSection(SolutionProperties) = preSolution
		HideSolutionNode = FALSE
	EndGlobalSection
EndGlobal
