Microsoft Visual Studio Solution File, Format Version 12.00
# Visual Studio 14
VisualStudioVersion = 14.0.23107.0
MinimumVisualStudioVersion = 10.0.40219.1
Project("{2150E333-8FDC-42A3-9474-1A3956D46DE8}") = "Documentation", "Documentation", "{14669D02-2D0F-46D6-892C-59492932E6FD}"
	ProjectSection(SolutionItems) = preProject
		readme.md = readme.md
	EndProjectSection
EndProject
Project("{FAE04EC0-301F-11D3-BF4B-00C04F79EFBC}") = "ECM.DocumentLibraries", "ECM.DocumentLibraries\ECM.DocumentLibraries.csproj", "{B88A5357-CDCC-4AF0-B7F1-E73B3C7D6995}"
EndProject
Project("{FAE04EC0-301F-11D3-BF4B-00C04F79EFBC}") = "ECM.DocumentLibrariesWeb", "ECM.DocumentLibrariesWeb\ECM.DocumentLibrariesWeb.csproj", "{7756CC39-F457-4DA8-8F4D-AE6DF60F4538}"
EndProject
Global
	GlobalSection(SolutionConfigurationPlatforms) = preSolution
		Debug|Any CPU = Debug|Any CPU
		Release|Any CPU = Release|Any CPU
	EndGlobalSection
	GlobalSection(ProjectConfigurationPlatforms) = postSolution
		{B88A5357-CDCC-4AF0-B7F1-E73B3C7D6995}.Debug|Any CPU.ActiveCfg = Debug|Any CPU
		{B88A5357-CDCC-4AF0-B7F1-E73B3C7D6995}.Debug|Any CPU.Build.0 = Debug|Any CPU
		{B88A5357-CDCC-4AF0-B7F1-E73B3C7D6995}.Debug|Any CPU.Deploy.0 = Debug|Any CPU
		{B88A5357-CDCC-4AF0-B7F1-E73B3C7D6995}.Release|Any CPU.ActiveCfg = Release|Any CPU
		{B88A5357-CDCC-4AF0-B7F1-E73B3C7D6995}.Release|Any CPU.Build.0 = Release|Any CPU
		{B88A5357-CDCC-4AF0-B7F1-E73B3C7D6995}.Release|Any CPU.Deploy.0 = Release|Any CPU
		{7756CC39-F457-4DA8-8F4D-AE6DF60F4538}.Debug|Any CPU.ActiveCfg = Debug|Any CPU
		{7756CC39-F457-4DA8-8F4D-AE6DF60F4538}.Debug|Any CPU.Build.0 = Debug|Any CPU
		{7756CC39-F457-4DA8-8F4D-AE6DF60F4538}.Release|Any CPU.ActiveCfg = Release|Any CPU
		{7756CC39-F457-4DA8-8F4D-AE6DF60F4538}.Release|Any CPU.Build.0 = Release|Any CPU
	EndGlobalSection
	GlobalSection(SolutionProperties) = preSolution
		HideSolutionNode = FALSE
	EndGlobalSection
EndGlobal
