Microsoft Visual Studio Solution File, Format Version 12.00
# Visual Studio 2013
VisualStudioVersion = 12.0.30723.0
MinimumVisualStudioVersion = 10.0.40219.1
Project("{FAE04EC0-301F-11D3-BF4B-00C04F79EFBC}") = "Core.OneDriveDocumentMigration", "Core.OneDriveDocumentMigration\Core.OneDriveDocumentMigration.csproj", "{579ED4BC-66A6-4B2B-8DB1-A22951E4D172}"
EndProject
Project("{2150E333-8FDC-42A3-9474-1A3956D46DE8}") = "Documentation", "Documentation", "{3397FFA8-117A-4F90-BF37-B7E9785B0978}"
	ProjectSection(SolutionItems) = preProject
		readme.md = readme.md
	EndProjectSection
EndProject
Global
	GlobalSection(SolutionConfigurationPlatforms) = preSolution
		Debug|Any CPU = Debug|Any CPU
		Release|Any CPU = Release|Any CPU
	EndGlobalSection
	GlobalSection(ProjectConfigurationPlatforms) = postSolution
		{579ED4BC-66A6-4B2B-8DB1-A22951E4D172}.Debug|Any CPU.ActiveCfg = Debug|Any CPU
		{579ED4BC-66A6-4B2B-8DB1-A22951E4D172}.Debug|Any CPU.Build.0 = Debug|Any CPU
		{579ED4BC-66A6-4B2B-8DB1-A22951E4D172}.Release|Any CPU.ActiveCfg = Release|Any CPU
		{579ED4BC-66A6-4B2B-8DB1-A22951E4D172}.Release|Any CPU.Build.0 = Release|Any CPU
	EndGlobalSection
	GlobalSection(SolutionProperties) = preSolution
		HideSolutionNode = FALSE
	EndGlobalSection
EndGlobal
