
Microsoft Visual Studio Solution File, Format Version 12.00
# Visual Studio 2013
VisualStudioVersion = 12.0.30723.0
MinimumVisualStudioVersion = 10.0.40219.1
Project("{FAE04EC0-301F-11D3-BF4B-00C04F79EFBC}") = "Workflow.CustomEvents", "Workflow.CustomEvents\Workflow.CustomEvents.csproj", "{476D12D8-25C9-41A0-9EF3-63C4EB43F264}"
EndProject
Project("{2150E333-8FDC-42A3-9474-1A3956D46DE8}") = "Documents", "Documents", "{799C3EDD-42B9-41BE-A6F4-3B5B1862DDCB}"
	ProjectSection(SolutionItems) = preProject
		readme.md = readme.md
	EndProjectSection
EndProject
Global
	GlobalSection(SolutionConfigurationPlatforms) = preSolution
		Debug|Any CPU = Debug|Any CPU
		Release|Any CPU = Release|Any CPU
	EndGlobalSection
	GlobalSection(ProjectConfigurationPlatforms) = postSolution
		{476D12D8-25C9-41A0-9EF3-63C4EB43F264}.Debug|Any CPU.ActiveCfg = Debug|Any CPU
		{476D12D8-25C9-41A0-9EF3-63C4EB43F264}.Debug|Any CPU.Build.0 = Debug|Any CPU
		{476D12D8-25C9-41A0-9EF3-63C4EB43F264}.Debug|Any CPU.Deploy.0 = Debug|Any CPU
		{476D12D8-25C9-41A0-9EF3-63C4EB43F264}.Release|Any CPU.ActiveCfg = Release|Any CPU
		{476D12D8-25C9-41A0-9EF3-63C4EB43F264}.Release|Any CPU.Build.0 = Release|Any CPU
		{476D12D8-25C9-41A0-9EF3-63C4EB43F264}.Release|Any CPU.Deploy.0 = Release|Any CPU
	EndGlobalSection
	GlobalSection(SolutionProperties) = preSolution
		HideSolutionNode = FALSE
	EndGlobalSection
EndGlobal
