Microsoft Visual Studio Solution File, Format Version 12.00
# Visual Studio 2013
VisualStudioVersion = 12.0.30723.0
MinimumVisualStudioVersion = 10.0.40219.1
Project("{FAE04EC0-301F-11D3-BF4B-00C04F79EFBC}") = "Core.SPListManager", "Core.SPListManager\Core.SPListManager.csproj", "{D0E612B5-17E1-4358-A153-801756D6F48B}"
EndProject
Project("{2150E333-8FDC-42A3-9474-1A3956D46DE8}") = "Documentation", "Documentation", "{17DA901C-4768-4619-B3D2-CDF1E2273500}"
	ProjectSection(SolutionItems) = preProject
		readme.md = readme.md
	EndProjectSection
EndProject
Global
	GlobalSection(SolutionConfigurationPlatforms) = preSolution
		Debug|Any CPU = Debug|Any CPU
		Release|Any CPU = Release|Any CPU
	EndGlobalSection
	GlobalSection(ProjectConfigurationPlatforms) = postSolution
		{D0E612B5-17E1-4358-A153-801756D6F48B}.Debug|Any CPU.ActiveCfg = Debug|Any CPU
		{D0E612B5-17E1-4358-A153-801756D6F48B}.Debug|Any CPU.Build.0 = Debug|Any CPU
		{D0E612B5-17E1-4358-A153-801756D6F48B}.Debug|Any CPU.Deploy.0 = Debug|Any CPU
		{D0E612B5-17E1-4358-A153-801756D6F48B}.Release|Any CPU.ActiveCfg = Release|Any CPU
		{D0E612B5-17E1-4358-A153-801756D6F48B}.Release|Any CPU.Build.0 = Release|Any CPU
		{D0E612B5-17E1-4358-A153-801756D6F48B}.Release|Any CPU.Deploy.0 = Release|Any CPU
	EndGlobalSection
	GlobalSection(SolutionProperties) = preSolution
		HideSolutionNode = FALSE
	EndGlobalSection
EndGlobal
