
Microsoft Visual Studio Solution File, Format Version 12.00
# Visual Studio 2013
VisualStudioVersion = 12.0.31101.0
MinimumVisualStudioVersion = 10.0.40219.1
Project("{FAE04EC0-301F-11D3-BF4B-00C04F79EFBC}") = "Framework.Provisioning.SPApp", "Framework.Provisioning.SPApp.csproj", "{14B79D39-7B8A-4240-AD2A-1F43F3D6C9CA}"
EndProject
Project("{FAE04EC0-301F-11D3-BF4B-00C04F79EFBC}") = "Framework.Provisioning.SPAppWeb", "..\Framework.Provisioning.SPAppWeb\Framework.Provisioning.SPAppWeb.csproj", "{02578C9D-2C53-4DA2-A8A2-89142FC25F52}"
EndProject
Global
	GlobalSection(SolutionConfigurationPlatforms) = preSolution
		Debug|Any CPU = Debug|Any CPU
		Release|Any CPU = Release|Any CPU
	EndGlobalSection
	GlobalSection(ProjectConfigurationPlatforms) = postSolution
		{14B79D39-7B8A-4240-AD2A-1F43F3D6C9CA}.Debug|Any CPU.ActiveCfg = Debug|Any CPU
		{14B79D39-7B8A-4240-AD2A-1F43F3D6C9CA}.Debug|Any CPU.Build.0 = Debug|Any CPU
		{14B79D39-7B8A-4240-AD2A-1F43F3D6C9CA}.Debug|Any CPU.Deploy.0 = Debug|Any CPU
		{14B79D39-7B8A-4240-AD2A-1F43F3D6C9CA}.Release|Any CPU.ActiveCfg = Release|Any CPU
		{14B79D39-7B8A-4240-AD2A-1F43F3D6C9CA}.Release|Any CPU.Build.0 = Release|Any CPU
		{14B79D39-7B8A-4240-AD2A-1F43F3D6C9CA}.Release|Any CPU.Deploy.0 = Release|Any CPU
		{02578C9D-2C53-4DA2-A8A2-89142FC25F52}.Debug|Any CPU.ActiveCfg = Debug|Any CPU
		{02578C9D-2C53-4DA2-A8A2-89142FC25F52}.Debug|Any CPU.Build.0 = Debug|Any CPU
		{02578C9D-2C53-4DA2-A8A2-89142FC25F52}.Release|Any CPU.ActiveCfg = Release|Any CPU
		{02578C9D-2C53-4DA2-A8A2-89142FC25F52}.Release|Any CPU.Build.0 = Release|Any CPU
	EndGlobalSection
	GlobalSection(SolutionProperties) = preSolution
		HideSolutionNode = FALSE
	EndGlobalSection
EndGlobal
