
Microsoft Visual Studio Solution File, Format Version 12.00
# Visual Studio 2013
VisualStudioVersion = 12.0.31101.0
MinimumVisualStudioVersion = 10.0.40219.1
Project("{FAE04EC0-301F-11D3-BF4B-00C04F79EFBC}") = "Provisioning.UX.App", "Provisioning.UX.App\Provisioning.UX.App.csproj", "{DD58135C-14A4-4CBF-BBCD-6BB99FA3182E}"
EndProject
Project("{FAE04EC0-301F-11D3-BF4B-00C04F79EFBC}") = "Provisioning.UX.AppWeb", "Provisioning.UX.AppWeb\Provisioning.UX.AppWeb.csproj", "{081D660C-E872-46BF-B2CD-DD0A86A636EC}"
EndProject
Global
	GlobalSection(SolutionConfigurationPlatforms) = preSolution
		Debug|Any CPU = Debug|Any CPU
		Release|Any CPU = Release|Any CPU
	EndGlobalSection
	GlobalSection(ProjectConfigurationPlatforms) = postSolution
		{DD58135C-14A4-4CBF-BBCD-6BB99FA3182E}.Debug|Any CPU.ActiveCfg = Debug|Any CPU
		{DD58135C-14A4-4CBF-BBCD-6BB99FA3182E}.Debug|Any CPU.Build.0 = Debug|Any CPU
		{DD58135C-14A4-4CBF-BBCD-6BB99FA3182E}.Debug|Any CPU.Deploy.0 = Debug|Any CPU
		{DD58135C-14A4-4CBF-BBCD-6BB99FA3182E}.Release|Any CPU.ActiveCfg = Release|Any CPU
		{DD58135C-14A4-4CBF-BBCD-6BB99FA3182E}.Release|Any CPU.Build.0 = Release|Any CPU
		{DD58135C-14A4-4CBF-BBCD-6BB99FA3182E}.Release|Any CPU.Deploy.0 = Release|Any CPU
		{081D660C-E872-46BF-B2CD-DD0A86A636EC}.Debug|Any CPU.ActiveCfg = Debug|Any CPU
		{081D660C-E872-46BF-B2CD-DD0A86A636EC}.Debug|Any CPU.Build.0 = Debug|Any CPU
		{081D660C-E872-46BF-B2CD-DD0A86A636EC}.Release|Any CPU.ActiveCfg = Release|Any CPU
		{081D660C-E872-46BF-B2CD-DD0A86A636EC}.Release|Any CPU.Build.0 = Release|Any CPU
	EndGlobalSection
	GlobalSection(SolutionProperties) = preSolution
		HideSolutionNode = FALSE
	EndGlobalSection
EndGlobal
