
Microsoft Visual Studio Solution File, Format Version 12.00
# Visual Studio 2013
VisualStudioVersion = 12.0.30723.0
MinimumVisualStudioVersion = 10.0.40219.1
Project("{FAE04EC0-301F-11D3-BF4B-00C04F79EFBC}") = "ECM.RecordsManagement.Console", "ECM.RecordsManagement.Console\ECM.RecordsManagement.Console.csproj", "{4F4802FB-33A9-4839-AC28-0D38B4821DC2}"
EndProject
Project("{2150E333-8FDC-42A3-9474-1A3956D46DE8}") = "Documentation", "Documentation", "{7B38B1A0-D60E-4B1F-8B33-1985C536712A}"
EndProject
Project("{2150E333-8FDC-42A3-9474-1A3956D46DE8}") = "Core", "Core", "{8B58DAC4-E32E-4ED2-B1DA-D6329A163A46}"
EndProject
Project("{FAE04EC0-301F-11D3-BF4B-00C04F79EFBC}") = "OfficeDevPnP.Core", "..\..\OfficeDevPnP.Core\OfficeDevPnP.Core\OfficeDevPnP.Core.csproj", "{F2077977-8EBF-409D-BBF4-8EFB328928A8}"
EndProject
Global
	GlobalSection(SolutionConfigurationPlatforms) = preSolution
		Debug|Any CPU = Debug|Any CPU
		Release|Any CPU = Release|Any CPU
	EndGlobalSection
	GlobalSection(ProjectConfigurationPlatforms) = postSolution
		{4F4802FB-33A9-4839-AC28-0D38B4821DC2}.Debug|Any CPU.ActiveCfg = Debug|Any CPU
		{4F4802FB-33A9-4839-AC28-0D38B4821DC2}.Debug|Any CPU.Build.0 = Debug|Any CPU
		{4F4802FB-33A9-4839-AC28-0D38B4821DC2}.Release|Any CPU.ActiveCfg = Release|Any CPU
		{4F4802FB-33A9-4839-AC28-0D38B4821DC2}.Release|Any CPU.Build.0 = Release|Any CPU
		{F2077977-8EBF-409D-BBF4-8EFB328928A8}.Debug|Any CPU.ActiveCfg = Debug|Any CPU
		{F2077977-8EBF-409D-BBF4-8EFB328928A8}.Debug|Any CPU.Build.0 = Debug|Any CPU
		{F2077977-8EBF-409D-BBF4-8EFB328928A8}.Release|Any CPU.ActiveCfg = Release|Any CPU
		{F2077977-8EBF-409D-BBF4-8EFB328928A8}.Release|Any CPU.Build.0 = Release|Any CPU
	EndGlobalSection
	GlobalSection(SolutionProperties) = preSolution
		HideSolutionNode = FALSE
	EndGlobalSection
	GlobalSection(NestedProjects) = preSolution
		{F2077977-8EBF-409D-BBF4-8EFB328928A8} = {8B58DAC4-E32E-4ED2-B1DA-D6329A163A46}
	EndGlobalSection
EndGlobal
