Microsoft Visual Studio Solution File, Format Version 12.00
# Visual Studio 2013
VisualStudioVersion = 12.0.30501.0
MinimumVisualStudioVersion = 10.0.40219.1
Project("{FAE04EC0-301F-11D3-BF4B-00C04F79EFBC}") = "ECM.DocumentLibraries", "ECM.DocumentLibraries\ECM.DocumentLibraries.csproj", "{B88A5357-CDCC-4AF0-B7F1-E73B3C7D6995}"
EndProject
Project("{FAE04EC0-301F-11D3-BF4B-00C04F79EFBC}") = "ECM.DocumentLibrariesWeb", "ECM.DocumentLibrariesWeb\ECM.DocumentLibrariesWeb.csproj", "{7756CC39-F457-4DA8-8F4D-AE6DF60F4538}"
EndProject
Project("{2150E333-8FDC-42A3-9474-1A3956D46DE8}") = "Documents", "Documents", "{14669D02-2D0F-46D6-892C-59492932E6FD}"
	ProjectSection(SolutionItems) = preProject
		DocumentLibraries.docx = DocumentLibraries.docx
		readme.txt = readme.txt
	EndProjectSection
EndProject
Project("{2150E333-8FDC-42A3-9474-1A3956D46DE8}") = "Hosts", "Hosts", "{C0A248CF-1953-4C70-9016-309657129FA2}"
EndProject
Project("{2150E333-8FDC-42A3-9474-1A3956D46DE8}") = "Web", "Web", "{6136BEDC-12FE-48D6-8482-1B050EE5C50F}"
EndProject
Project("{2150E333-8FDC-42A3-9474-1A3956D46DE8}") = "SP", "SP", "{503438B8-AB6E-411F-819F-D24D6A19DE0C}"
EndProject
Project("{2150E333-8FDC-42A3-9474-1A3956D46DE8}") = "Core", "Core", "{E932AB0F-E5CB-431A-8001-3D8959500731}"
EndProject
Project("{FAE04EC0-301F-11D3-BF4B-00C04F79EFBC}") = "OfficeDevPnP.Core", "..\..\OfficeDevPnP.Core\OfficeDevPnP.Core\OfficeDevPnP.Core.csproj", "{F2077977-8EBF-409D-BBF4-8EFB328928A8}"
EndProject
Global
	GlobalSection(SolutionConfigurationPlatforms) = preSolution
		Debug|Any CPU = Debug|Any CPU
		Release|Any CPU = Release|Any CPU
	EndGlobalSection
	GlobalSection(ProjectConfigurationPlatforms) = postSolution
		{B88A5357-CDCC-4AF0-B7F1-E73B3C7D6995}.Debug|Any CPU.ActiveCfg = Debug|Any CPU
		{B88A5357-CDCC-4AF0-B7F1-E73B3C7D6995}.Debug|Any CPU.Build.0 = Debug|Any CPU
		{B88A5357-CDCC-4AF0-B7F1-E73B3C7D6995}.Debug|Any CPU.Deploy.0 = Debug|Any CPU
		{B88A5357-CDCC-4AF0-B7F1-E73B3C7D6995}.Release|Any CPU.ActiveCfg = Release|Any CPU
		{B88A5357-CDCC-4AF0-B7F1-E73B3C7D6995}.Release|Any CPU.Build.0 = Release|Any CPU
		{B88A5357-CDCC-4AF0-B7F1-E73B3C7D6995}.Release|Any CPU.Deploy.0 = Release|Any CPU
		{7756CC39-F457-4DA8-8F4D-AE6DF60F4538}.Debug|Any CPU.ActiveCfg = Debug|Any CPU
		{7756CC39-F457-4DA8-8F4D-AE6DF60F4538}.Debug|Any CPU.Build.0 = Debug|Any CPU
		{7756CC39-F457-4DA8-8F4D-AE6DF60F4538}.Release|Any CPU.ActiveCfg = Release|Any CPU
		{7756CC39-F457-4DA8-8F4D-AE6DF60F4538}.Release|Any CPU.Build.0 = Release|Any CPU
		{F2077977-8EBF-409D-BBF4-8EFB328928A8}.Debug|Any CPU.ActiveCfg = Debug|Any CPU
		{F2077977-8EBF-409D-BBF4-8EFB328928A8}.Debug|Any CPU.Build.0 = Debug|Any CPU
		{F2077977-8EBF-409D-BBF4-8EFB328928A8}.Release|Any CPU.ActiveCfg = Release|Any CPU
		{F2077977-8EBF-409D-BBF4-8EFB328928A8}.Release|Any CPU.Build.0 = Release|Any CPU
	EndGlobalSection
	GlobalSection(SolutionProperties) = preSolution
		HideSolutionNode = FALSE
	EndGlobalSection
	GlobalSection(NestedProjects) = preSolution
		{B88A5357-CDCC-4AF0-B7F1-E73B3C7D6995} = {503438B8-AB6E-411F-819F-D24D6A19DE0C}
		{7756CC39-F457-4DA8-8F4D-AE6DF60F4538} = {6136BEDC-12FE-48D6-8482-1B050EE5C50F}
		{6136BEDC-12FE-48D6-8482-1B050EE5C50F} = {C0A248CF-1953-4C70-9016-309657129FA2}
		{503438B8-AB6E-411F-819F-D24D6A19DE0C} = {C0A248CF-1953-4C70-9016-309657129FA2}
		{F2077977-8EBF-409D-BBF4-8EFB328928A8} = {E932AB0F-E5CB-431A-8001-3D8959500731}
	EndGlobalSection
EndGlobal
