Microsoft Visual Studio Solution File, Format Version 12.00
# Visual Studio 14
VisualStudioVersion = 14.0.23107.0
MinimumVisualStudioVersion = 10.0.40219.1
Project("{2150E333-8FDC-42A3-9474-1A3956D46DE8}") = "Documentation", "Documentation", "{2A3CAC33-50B7-4A72-A2AB-E54F7E194282}"
	ProjectSection(SolutionItems) = preProject
		readme.md = readme.md
	EndProjectSection
EndProject
Project("{FAE04EC0-301F-11D3-BF4B-00C04F79EFBC}") = "Core.XMLBasedFieldsAndContentTypes", "Core.XMLBasedFieldsAndContentTypes\Core.XMLBasedFieldsAndContentTypes.csproj", "{C6CA93A4-B710-4373-9D52-B00F70BF4515}"
EndProject
Project("{FAE04EC0-301F-11D3-BF4B-00C04F79EFBC}") = "Core.XMLBasedFieldsAndContentTypesWeb", "Core.XMLBasedFieldsAndContentTypesWeb\Core.XMLBasedFieldsAndContentTypesWeb.csproj", "{69A9D644-7073-4B0A-96B6-1479113F9BC0}"
EndProject
Global
	GlobalSection(SolutionConfigurationPlatforms) = preSolution
		Debug|Any CPU = Debug|Any CPU
		Release|Any CPU = Release|Any CPU
	EndGlobalSection
	GlobalSection(ProjectConfigurationPlatforms) = postSolution
		{C6CA93A4-B710-4373-9D52-B00F70BF4515}.Debug|Any CPU.ActiveCfg = Debug|Any CPU
		{C6CA93A4-B710-4373-9D52-B00F70BF4515}.Debug|Any CPU.Build.0 = Debug|Any CPU
		{C6CA93A4-B710-4373-9D52-B00F70BF4515}.Debug|Any CPU.Deploy.0 = Debug|Any CPU
		{C6CA93A4-B710-4373-9D52-B00F70BF4515}.Release|Any CPU.ActiveCfg = Release|Any CPU
		{C6CA93A4-B710-4373-9D52-B00F70BF4515}.Release|Any CPU.Build.0 = Release|Any CPU
		{C6CA93A4-B710-4373-9D52-B00F70BF4515}.Release|Any CPU.Deploy.0 = Release|Any CPU
		{69A9D644-7073-4B0A-96B6-1479113F9BC0}.Debug|Any CPU.ActiveCfg = Debug|Any CPU
		{69A9D644-7073-4B0A-96B6-1479113F9BC0}.Debug|Any CPU.Build.0 = Debug|Any CPU
		{69A9D644-7073-4B0A-96B6-1479113F9BC0}.Release|Any CPU.ActiveCfg = Release|Any CPU
		{69A9D644-7073-4B0A-96B6-1479113F9BC0}.Release|Any CPU.Build.0 = Release|Any CPU
	EndGlobalSection
	GlobalSection(SolutionProperties) = preSolution
		HideSolutionNode = FALSE
	EndGlobalSection
EndGlobal
