Microsoft Visual Studio Solution File, Format Version 12.00
# Visual Studio 2013
VisualStudioVersion = 12.0.30723.0
MinimumVisualStudioVersion = 10.0.40219.1
Project("{FAE04EC0-301F-11D3-BF4B-00C04F79EFBC}") = "JavaScriptInjection", "JavaScriptInjection\JavaScriptInjection.csproj", "{4782C667-EC7A-47C6-8747-F324D02BD269}"
EndProject
Project("{FAE04EC0-301F-11D3-BF4B-00C04F79EFBC}") = "JavaScriptInjectionWeb", "JavaScriptInjectionWeb\JavaScriptInjectionWeb.csproj", "{C776DC0C-707D-4EF2-93FD-93A35AA012E0}"
EndProject
Project("{2150E333-8FDC-42A3-9474-1A3956D46DE8}") = "Documents", "Documents", "{FEACBDCF-2C25-4AC5-9606-51CFF82465D3}"
	ProjectSection(SolutionItems) = preProject
		readme.md = readme.md
	EndProjectSection
EndProject
Global
	GlobalSection(SolutionConfigurationPlatforms) = preSolution
		Debug|Any CPU = Debug|Any CPU
		Release|Any CPU = Release|Any CPU
	EndGlobalSection
	GlobalSection(ProjectConfigurationPlatforms) = postSolution
		{4782C667-EC7A-47C6-8747-F324D02BD269}.Debug|Any CPU.ActiveCfg = Debug|Any CPU
		{4782C667-EC7A-47C6-8747-F324D02BD269}.Debug|Any CPU.Build.0 = Debug|Any CPU
		{4782C667-EC7A-47C6-8747-F324D02BD269}.Debug|Any CPU.Deploy.0 = Debug|Any CPU
		{4782C667-EC7A-47C6-8747-F324D02BD269}.Release|Any CPU.ActiveCfg = Release|Any CPU
		{4782C667-EC7A-47C6-8747-F324D02BD269}.Release|Any CPU.Build.0 = Release|Any CPU
		{4782C667-EC7A-47C6-8747-F324D02BD269}.Release|Any CPU.Deploy.0 = Release|Any CPU
		{C776DC0C-707D-4EF2-93FD-93A35AA012E0}.Debug|Any CPU.ActiveCfg = Debug|Any CPU
		{C776DC0C-707D-4EF2-93FD-93A35AA012E0}.Debug|Any CPU.Build.0 = Debug|Any CPU
		{C776DC0C-707D-4EF2-93FD-93A35AA012E0}.Release|Any CPU.ActiveCfg = Release|Any CPU
		{C776DC0C-707D-4EF2-93FD-93A35AA012E0}.Release|Any CPU.Build.0 = Release|Any CPU
	EndGlobalSection
	GlobalSection(SolutionProperties) = preSolution
		HideSolutionNode = FALSE
	EndGlobalSection
EndGlobal
