
Microsoft Visual Studio Solution File, Format Version 12.00
# Visual Studio 2013
VisualStudioVersion = 12.0.21005.1
MinimumVisualStudioVersion = 10.0.40219.1
Project("{FAE04EC0-301F-11D3-BF4B-00C04F79EFBC}") = "Core.ProfilePictureUploader", "Core.ProfilePictureUploader\Core.ProfilePictureUploader.csproj", "{51FCA167-EB39-4827-9CCD-BE49301E9CA8}"
EndProject
Project("{2150E333-8FDC-42A3-9474-1A3956D46DE8}") = "Documentation", "Documentation", "{39AFC4D1-19EE-4EFD-B404-3511C6CD1775}"
	ProjectSection(SolutionItems) = preProject
		configuration.xml = configuration.xml
		Profile Picture Uploader.docx = Profile Picture Uploader.docx
		readme.txt = readme.txt
		userlist.csv = userlist.csv
	EndProjectSection
EndProject
Global
	GlobalSection(SolutionConfigurationPlatforms) = preSolution
		Debug|Any CPU = Debug|Any CPU
		Release|Any CPU = Release|Any CPU
	EndGlobalSection
	GlobalSection(ProjectConfigurationPlatforms) = postSolution
		{51FCA167-EB39-4827-9CCD-BE49301E9CA8}.Debug|Any CPU.ActiveCfg = Debug|Any CPU
		{51FCA167-EB39-4827-9CCD-BE49301E9CA8}.Debug|Any CPU.Build.0 = Debug|Any CPU
		{51FCA167-EB39-4827-9CCD-BE49301E9CA8}.Release|Any CPU.ActiveCfg = Release|Any CPU
		{51FCA167-EB39-4827-9CCD-BE49301E9CA8}.Release|Any CPU.Build.0 = Release|Any CPU
	EndGlobalSection
	GlobalSection(SolutionProperties) = preSolution
		HideSolutionNode = FALSE
	EndGlobalSection
EndGlobal
