
Microsoft Visual Studio Solution File, Format Version 12.00
# Visual Studio 2013
VisualStudioVersion = 12.0.31101.0
MinimumVisualStudioVersion = 10.0.40219.1
Project("{FAE04EC0-301F-11D3-BF4B-00C04F79EFBC}") = "Core.SiteProvisioning.Console", "Core.SiteProvisioning.Console\Core.SiteProvisioning.Console.csproj", "{B6975257-1CAC-441D-BACE-5329C57EDC39}"
EndProject
Project("{FAE04EC0-301F-11D3-BF4B-00C04F79EFBC}") = "OfficeDevPnP.Core", "..\..\OfficeDevPnP.Core\OfficeDevPnP.Core\OfficeDevPnP.Core.csproj", "{F2077977-8EBF-409D-BBF4-8EFB328928A8}"
EndProject
Global
	GlobalSection(SolutionConfigurationPlatforms) = preSolution
		Debug|Any CPU = Debug|Any CPU
		Debug15|Any CPU = Debug15|Any CPU
		Release|Any CPU = Release|Any CPU
		Release15|Any CPU = Release15|Any CPU
	EndGlobalSection
	GlobalSection(ProjectConfigurationPlatforms) = postSolution
		{B6975257-1CAC-441D-BACE-5329C57EDC39}.Debug|Any CPU.ActiveCfg = Debug|Any CPU
		{B6975257-1CAC-441D-BACE-5329C57EDC39}.Debug|Any CPU.Build.0 = Debug|Any CPU
		{B6975257-1CAC-441D-BACE-5329C57EDC39}.Debug15|Any CPU.ActiveCfg = Debug|Any CPU
		{B6975257-1CAC-441D-BACE-5329C57EDC39}.Debug15|Any CPU.Build.0 = Debug|Any CPU
		{B6975257-1CAC-441D-BACE-5329C57EDC39}.Release|Any CPU.ActiveCfg = Release|Any CPU
		{B6975257-1CAC-441D-BACE-5329C57EDC39}.Release|Any CPU.Build.0 = Release|Any CPU
		{B6975257-1CAC-441D-BACE-5329C57EDC39}.Release15|Any CPU.ActiveCfg = Release|Any CPU
		{B6975257-1CAC-441D-BACE-5329C57EDC39}.Release15|Any CPU.Build.0 = Release|Any CPU
		{F2077977-8EBF-409D-BBF4-8EFB328928A8}.Debug|Any CPU.ActiveCfg = Debug|Any CPU
		{F2077977-8EBF-409D-BBF4-8EFB328928A8}.Debug|Any CPU.Build.0 = Debug|Any CPU
		{F2077977-8EBF-409D-BBF4-8EFB328928A8}.Debug15|Any CPU.ActiveCfg = Debug15|Any CPU
		{F2077977-8EBF-409D-BBF4-8EFB328928A8}.Debug15|Any CPU.Build.0 = Debug15|Any CPU
		{F2077977-8EBF-409D-BBF4-8EFB328928A8}.Release|Any CPU.ActiveCfg = Release|Any CPU
		{F2077977-8EBF-409D-BBF4-8EFB328928A8}.Release|Any CPU.Build.0 = Release|Any CPU
		{F2077977-8EBF-409D-BBF4-8EFB328928A8}.Release15|Any CPU.ActiveCfg = Release15|Any CPU
		{F2077977-8EBF-409D-BBF4-8EFB328928A8}.Release15|Any CPU.Build.0 = Release15|Any CPU
	EndGlobalSection
	GlobalSection(SolutionProperties) = preSolution
		HideSolutionNode = FALSE
	EndGlobalSection
	GlobalSection(ExtensibilityGlobals) = postSolution
		EnterpriseLibraryConfigurationToolBinariesPathV6 = packages\EnterpriseLibrary.Common.6.0.1304.0\lib\NET45;packages\EnterpriseLibrary.Logging.6.0.1304.0\lib\NET45
	EndGlobalSection
EndGlobal
