
Microsoft Visual Studio Solution File, Format Version 12.00
# Visual Studio 2013
VisualStudioVersion = 12.0.30723.0
MinimumVisualStudioVersion = 10.0.40219.1
Project("{FAE04EC0-301F-11D3-BF4B-00C04F79EFBC}") = "OfficeDevPnP.Framework.TimerJob", "OfficeDevPnP.Framework.TimerJob\OfficeDevPnP.Framework.TimerJob.csproj", "{3255AEE2-5C32-4E0A-97FD-C46589D9DC8E}"
EndProject
Project("{2150E333-8FDC-42A3-9474-1A3956D46DE8}") = "Documentation", "Documentation", "{8008615A-64F7-4F65-B9D6-AA47F7A3E966}"
EndProject
Project("{FAE04EC0-301F-11D3-BF4B-00C04F79EFBC}") = "OfficeDevPnP.Framework.TimerJob.Samples", "OfficeDevPnP.Framework.TimerJob.Samples\OfficeDevPnP.Framework.TimerJob.Samples.csproj", "{40D33424-AE44-4ED0-B83E-F4AF3769FC6D}"
EndProject
Global
	GlobalSection(SolutionConfigurationPlatforms) = preSolution
		Debug|Any CPU = Debug|Any CPU
		Release|Any CPU = Release|Any CPU
	EndGlobalSection
	GlobalSection(ProjectConfigurationPlatforms) = postSolution
		{3255AEE2-5C32-4E0A-97FD-C46589D9DC8E}.Debug|Any CPU.ActiveCfg = Debug|Any CPU
		{3255AEE2-5C32-4E0A-97FD-C46589D9DC8E}.Debug|Any CPU.Build.0 = Debug|Any CPU
		{3255AEE2-5C32-4E0A-97FD-C46589D9DC8E}.Release|Any CPU.ActiveCfg = Release|Any CPU
		{3255AEE2-5C32-4E0A-97FD-C46589D9DC8E}.Release|Any CPU.Build.0 = Release|Any CPU
		{40D33424-AE44-4ED0-B83E-F4AF3769FC6D}.Debug|Any CPU.ActiveCfg = Debug|Any CPU
		{40D33424-AE44-4ED0-B83E-F4AF3769FC6D}.Debug|Any CPU.Build.0 = Debug|Any CPU
		{40D33424-AE44-4ED0-B83E-F4AF3769FC6D}.Release|Any CPU.ActiveCfg = Release|Any CPU
		{40D33424-AE44-4ED0-B83E-F4AF3769FC6D}.Release|Any CPU.Build.0 = Release|Any CPU
	EndGlobalSection
	GlobalSection(SolutionProperties) = preSolution
		HideSolutionNode = FALSE
	EndGlobalSection
EndGlobal
