
Microsoft Visual Studio Solution File, Format Version 12.00
# Visual Studio 2013
VisualStudioVersion = 12.0.31101.0
MinimumVisualStudioVersion = 10.0.40219.1
Project("{FAE04EC0-301F-11D3-BF4B-00C04F79EFBC}") = "Core.DocumentSets", "Core.DocumentSets\Core.DocumentSets.csproj", "{EAC05FF3-9DD4-461D-95B3-90AAC8FD314A}"
EndProject
Project("{FAE04EC0-301F-11D3-BF4B-00C04F79EFBC}") = "Core.DocumentSetsWeb", "Core.DocumentSetsWeb\Core.DocumentSetsWeb.csproj", "{F38D761A-0993-439E-A3D6-70C93672037E}"
EndProject
Project("{2150E333-8FDC-42A3-9474-1A3956D46DE8}") = "Documentation", "Documentation", "{B3BB671C-734B-4C5B-9F11-B760B2EE42B2}"
	ProjectSection(SolutionItems) = preProject
		readme.md = readme.md
	EndProjectSection
EndProject
Global
	GlobalSection(SolutionConfigurationPlatforms) = preSolution
		Debug|Any CPU = Debug|Any CPU
		Release|Any CPU = Release|Any CPU
	EndGlobalSection
	GlobalSection(ProjectConfigurationPlatforms) = postSolution
		{EAC05FF3-9DD4-461D-95B3-90AAC8FD314A}.Debug|Any CPU.ActiveCfg = Debug|Any CPU
		{EAC05FF3-9DD4-461D-95B3-90AAC8FD314A}.Debug|Any CPU.Build.0 = Debug|Any CPU
		{EAC05FF3-9DD4-461D-95B3-90AAC8FD314A}.Debug|Any CPU.Deploy.0 = Debug|Any CPU
		{EAC05FF3-9DD4-461D-95B3-90AAC8FD314A}.Release|Any CPU.ActiveCfg = Release|Any CPU
		{EAC05FF3-9DD4-461D-95B3-90AAC8FD314A}.Release|Any CPU.Build.0 = Release|Any CPU
		{EAC05FF3-9DD4-461D-95B3-90AAC8FD314A}.Release|Any CPU.Deploy.0 = Release|Any CPU
		{F38D761A-0993-439E-A3D6-70C93672037E}.Debug|Any CPU.ActiveCfg = Debug|Any CPU
		{F38D761A-0993-439E-A3D6-70C93672037E}.Debug|Any CPU.Build.0 = Debug|Any CPU
		{F38D761A-0993-439E-A3D6-70C93672037E}.Release|Any CPU.ActiveCfg = Release|Any CPU
		{F38D761A-0993-439E-A3D6-70C93672037E}.Release|Any CPU.Build.0 = Release|Any CPU
	EndGlobalSection
	GlobalSection(SolutionProperties) = preSolution
		HideSolutionNode = FALSE
	EndGlobalSection
EndGlobal
