Microsoft Visual Studio Solution File, Format Version 12.00
# Visual Studio 14
VisualStudioVersion = 14.0.23107.0
MinimumVisualStudioVersion = 10.0.40219.1
Project("{2150E333-8FDC-42A3-9474-1A3956D46DE8}") = "Documentation", "Documentation", "{07EDB0C2-7D63-477F-840C-B4DC3589FCBF}"
	ProjectSection(SolutionItems) = preProject
		readme.md = readme.md
	EndProjectSection
EndProject
Project("{FAE04EC0-301F-11D3-BF4B-00C04F79EFBC}") = "Core.Dialog", "Core.Dialog\Core.Dialog.csproj", "{A974CE36-834C-4A71-8EDD-467B5F5A8B0E}"
EndProject
Project("{FAE04EC0-301F-11D3-BF4B-00C04F79EFBC}") = "Core.DialogWeb", "Core.DialogWeb\Core.DialogWeb.csproj", "{D83E9B20-BA98-430C-9064-4EB758A20403}"
EndProject
Global
	GlobalSection(SolutionConfigurationPlatforms) = preSolution
		Debug|Any CPU = Debug|Any CPU
		Release|Any CPU = Release|Any CPU
	EndGlobalSection
	GlobalSection(ProjectConfigurationPlatforms) = postSolution
		{A974CE36-834C-4A71-8EDD-467B5F5A8B0E}.Debug|Any CPU.ActiveCfg = Debug|Any CPU
		{A974CE36-834C-4A71-8EDD-467B5F5A8B0E}.Debug|Any CPU.Build.0 = Debug|Any CPU
		{A974CE36-834C-4A71-8EDD-467B5F5A8B0E}.Debug|Any CPU.Deploy.0 = Debug|Any CPU
		{A974CE36-834C-4A71-8EDD-467B5F5A8B0E}.Release|Any CPU.ActiveCfg = Release|Any CPU
		{A974CE36-834C-4A71-8EDD-467B5F5A8B0E}.Release|Any CPU.Build.0 = Release|Any CPU
		{A974CE36-834C-4A71-8EDD-467B5F5A8B0E}.Release|Any CPU.Deploy.0 = Release|Any CPU
		{D83E9B20-BA98-430C-9064-4EB758A20403}.Debug|Any CPU.ActiveCfg = Debug|Any CPU
		{D83E9B20-BA98-430C-9064-4EB758A20403}.Debug|Any CPU.Build.0 = Debug|Any CPU
		{D83E9B20-BA98-430C-9064-4EB758A20403}.Release|Any CPU.ActiveCfg = Release|Any CPU
		{D83E9B20-BA98-430C-9064-4EB758A20403}.Release|Any CPU.Build.0 = Release|Any CPU
	EndGlobalSection
	GlobalSection(SolutionProperties) = preSolution
		HideSolutionNode = FALSE
	EndGlobalSection
EndGlobal
