
Microsoft Visual Studio Solution File, Format Version 12.00
# Visual Studio 2013
VisualStudioVersion = 12.0.31101.0
MinimumVisualStudioVersion = 10.0.40219.1
Project("{FAE04EC0-301F-11D3-BF4B-00C04F79EFBC}") = "Core.EmbedJavaScript.WeekNumbers", "Core.EmbedJavaScript.WeekNumbers\Core.EmbedJavaScript.WeekNumbers.csproj", "{636AD3D5-58FE-4F83-8393-6958619DD943}"
EndProject
Project("{FAE04EC0-301F-11D3-BF4B-00C04F79EFBC}") = "Core.EmbedJavaScript.WeekNumbersWeb", "Core.EmbedJavaScript.WeekNumbersWeb\Core.EmbedJavaScript.WeekNumbersWeb.csproj", "{ADFDEB13-926B-42A4-A1FA-9C67B38D9E42}"
EndProject
Project("{2150E333-8FDC-42A3-9474-1A3956D46DE8}") = "Documentation", "Documentation", "{C0C20278-D9FA-44E9-BCEA-653D3AF43638}"
	ProjectSection(SolutionItems) = preProject
		readme.md = readme.md
	EndProjectSection
EndProject
Global
	GlobalSection(SolutionConfigurationPlatforms) = preSolution
		Debug|Any CPU = Debug|Any CPU
		Release|Any CPU = Release|Any CPU
	EndGlobalSection
	GlobalSection(ProjectConfigurationPlatforms) = postSolution
		{636AD3D5-58FE-4F83-8393-6958619DD943}.Debug|Any CPU.ActiveCfg = Debug|Any CPU
		{636AD3D5-58FE-4F83-8393-6958619DD943}.Debug|Any CPU.Build.0 = Debug|Any CPU
		{636AD3D5-58FE-4F83-8393-6958619DD943}.Debug|Any CPU.Deploy.0 = Debug|Any CPU
		{636AD3D5-58FE-4F83-8393-6958619DD943}.Release|Any CPU.ActiveCfg = Release|Any CPU
		{636AD3D5-58FE-4F83-8393-6958619DD943}.Release|Any CPU.Build.0 = Release|Any CPU
		{636AD3D5-58FE-4F83-8393-6958619DD943}.Release|Any CPU.Deploy.0 = Release|Any CPU
		{ADFDEB13-926B-42A4-A1FA-9C67B38D9E42}.Debug|Any CPU.ActiveCfg = Debug|Any CPU
		{ADFDEB13-926B-42A4-A1FA-9C67B38D9E42}.Debug|Any CPU.Build.0 = Debug|Any CPU
		{ADFDEB13-926B-42A4-A1FA-9C67B38D9E42}.Release|Any CPU.ActiveCfg = Release|Any CPU
		{ADFDEB13-926B-42A4-A1FA-9C67B38D9E42}.Release|Any CPU.Build.0 = Release|Any CPU
	EndGlobalSection
	GlobalSection(SolutionProperties) = preSolution
		HideSolutionNode = FALSE
	EndGlobalSection
EndGlobal
