
Microsoft Visual Studio Solution File, Format Version 12.00
# Visual Studio 2013
VisualStudioVersion = 12.0.21005.1
MinimumVisualStudioVersion = 10.0.40219.1
Project("{FAE04EC0-301F-11D3-BF4B-00C04F79EFBC}") = "Core.Settings.Audit", "Core.Settings.Audit\Core.Settings.Audit.csproj", "{EFB6C46F-9520-42C8-9BE5-EDFDDA5210D7}"
EndProject
Project("{FAE04EC0-301F-11D3-BF4B-00C04F79EFBC}") = "Core.Settings.AuditWeb", "Core.Settings.AuditWeb\Core.Settings.AuditWeb.csproj", "{FC2BB4A9-4322-4D11-AE65-B2DBEF5A3A19}"
EndProject
Project("{2150E333-8FDC-42A3-9474-1A3956D46DE8}") = "Documentation", "Documentation", "{08980B46-B862-4FF1-A711-A7E0DF7FE4B4}"
	ProjectSection(SolutionItems) = preProject
		readme.md = readme.md
	EndProjectSection
EndProject
Global
	GlobalSection(SolutionConfigurationPlatforms) = preSolution
		Debug|Any CPU = Debug|Any CPU
		Release|Any CPU = Release|Any CPU
	EndGlobalSection
	GlobalSection(ProjectConfigurationPlatforms) = postSolution
		{EFB6C46F-9520-42C8-9BE5-EDFDDA5210D7}.Debug|Any CPU.ActiveCfg = Debug|Any CPU
		{EFB6C46F-9520-42C8-9BE5-EDFDDA5210D7}.Debug|Any CPU.Build.0 = Debug|Any CPU
		{EFB6C46F-9520-42C8-9BE5-EDFDDA5210D7}.Debug|Any CPU.Deploy.0 = Debug|Any CPU
		{EFB6C46F-9520-42C8-9BE5-EDFDDA5210D7}.Release|Any CPU.ActiveCfg = Release|Any CPU
		{EFB6C46F-9520-42C8-9BE5-EDFDDA5210D7}.Release|Any CPU.Build.0 = Release|Any CPU
		{EFB6C46F-9520-42C8-9BE5-EDFDDA5210D7}.Release|Any CPU.Deploy.0 = Release|Any CPU
		{FC2BB4A9-4322-4D11-AE65-B2DBEF5A3A19}.Debug|Any CPU.ActiveCfg = Debug|Any CPU
		{FC2BB4A9-4322-4D11-AE65-B2DBEF5A3A19}.Debug|Any CPU.Build.0 = Debug|Any CPU
		{FC2BB4A9-4322-4D11-AE65-B2DBEF5A3A19}.Release|Any CPU.ActiveCfg = Release|Any CPU
		{FC2BB4A9-4322-4D11-AE65-B2DBEF5A3A19}.Release|Any CPU.Build.0 = Release|Any CPU
	EndGlobalSection
	GlobalSection(SolutionProperties) = preSolution
		HideSolutionNode = FALSE
	EndGlobalSection
EndGlobal
