
Microsoft Visual Studio Solution File, Format Version 12.00
# Visual Studio 14
VisualStudioVersion = 14.0.23107.0
MinimumVisualStudioVersion = 10.0.40219.1
Project("{2150E333-8FDC-42A3-9474-1A3956D46DE8}") = "Documentation", "Documentation", "{E3786448-81E8-4FF6-AD84-5F780EAE8D6C}"
	ProjectSection(SolutionItems) = preProject
		readme.md = readme.md
	EndProjectSection
EndProject
Project("{FAE04EC0-301F-11D3-BF4B-00C04F79EFBC}") = "UserProfile.Manipulation.CSOM", "UserProfile.Manipulation.CSOM\UserProfile.Manipulation.CSOM.csproj", "{B89DB918-D37C-4903-AB18-881A63F2FD01}"
EndProject
Project("{FAE04EC0-301F-11D3-BF4B-00C04F79EFBC}") = "UserProfile.Manipulation.CSOMWeb", "UserProfile.Manipulation.CSOMWeb\UserProfile.Manipulation.CSOMWeb.csproj", "{EF25EB82-1DD3-4E84-9A27-DA12D65E6EDC}"
EndProject
Global
	GlobalSection(SolutionConfigurationPlatforms) = preSolution
		Debug|Any CPU = Debug|Any CPU
		Release|Any CPU = Release|Any CPU
	EndGlobalSection
	GlobalSection(ProjectConfigurationPlatforms) = postSolution
		{B89DB918-D37C-4903-AB18-881A63F2FD01}.Debug|Any CPU.ActiveCfg = Debug|Any CPU
		{B89DB918-D37C-4903-AB18-881A63F2FD01}.Debug|Any CPU.Build.0 = Debug|Any CPU
		{B89DB918-D37C-4903-AB18-881A63F2FD01}.Debug|Any CPU.Deploy.0 = Debug|Any CPU
		{B89DB918-D37C-4903-AB18-881A63F2FD01}.Release|Any CPU.ActiveCfg = Release|Any CPU
		{B89DB918-D37C-4903-AB18-881A63F2FD01}.Release|Any CPU.Build.0 = Release|Any CPU
		{B89DB918-D37C-4903-AB18-881A63F2FD01}.Release|Any CPU.Deploy.0 = Release|Any CPU
		{EF25EB82-1DD3-4E84-9A27-DA12D65E6EDC}.Debug|Any CPU.ActiveCfg = Debug|Any CPU
		{EF25EB82-1DD3-4E84-9A27-DA12D65E6EDC}.Debug|Any CPU.Build.0 = Debug|Any CPU
		{EF25EB82-1DD3-4E84-9A27-DA12D65E6EDC}.Release|Any CPU.ActiveCfg = Release|Any CPU
		{EF25EB82-1DD3-4E84-9A27-DA12D65E6EDC}.Release|Any CPU.Build.0 = Release|Any CPU
	EndGlobalSection
	GlobalSection(SolutionProperties) = preSolution
		HideSolutionNode = FALSE
	EndGlobalSection
EndGlobal
