Microsoft Visual Studio Solution File, Format Version 12.00
# Visual Studio 2013
VisualStudioVersion = 12.0.30723.0
MinimumVisualStudioVersion = 10.0.40219.1
Project("{FAE04EC0-301F-11D3-BF4B-00C04F79EFBC}") = "Search.PersonalizedResults", "PersonalizedSearchResults\Search.PersonalizedResults.csproj", "{06ACECE2-801B-465A-9274-3B6481C9CA6C}"
EndProject
Project("{FAE04EC0-301F-11D3-BF4B-00C04F79EFBC}") = "Search.PersonalizedResultsWeb", "PersonalizedSearchResultsWeb\Search.PersonalizedResultsWeb.csproj", "{3E210F0C-05CC-44AB-843B-2D864FD0C4EC}"
EndProject
Project("{2150E333-8FDC-42A3-9474-1A3956D46DE8}") = "Documents", "Documents", "{62A874AC-85BB-4D3C-83F4-F4520DB758AD}"
	ProjectSection(SolutionItems) = preProject
		readme.md = readme.md
	EndProjectSection
EndProject
Global
	GlobalSection(SolutionConfigurationPlatforms) = preSolution
		Debug|Any CPU = Debug|Any CPU
		Release|Any CPU = Release|Any CPU
	EndGlobalSection
	GlobalSection(ProjectConfigurationPlatforms) = postSolution
		{06ACECE2-801B-465A-9274-3B6481C9CA6C}.Debug|Any CPU.ActiveCfg = Debug|Any CPU
		{06ACECE2-801B-465A-9274-3B6481C9CA6C}.Debug|Any CPU.Build.0 = Debug|Any CPU
		{06ACECE2-801B-465A-9274-3B6481C9CA6C}.Debug|Any CPU.Deploy.0 = Debug|Any CPU
		{06ACECE2-801B-465A-9274-3B6481C9CA6C}.Release|Any CPU.ActiveCfg = Release|Any CPU
		{06ACECE2-801B-465A-9274-3B6481C9CA6C}.Release|Any CPU.Build.0 = Release|Any CPU
		{06ACECE2-801B-465A-9274-3B6481C9CA6C}.Release|Any CPU.Deploy.0 = Release|Any CPU
		{3E210F0C-05CC-44AB-843B-2D864FD0C4EC}.Debug|Any CPU.ActiveCfg = Debug|Any CPU
		{3E210F0C-05CC-44AB-843B-2D864FD0C4EC}.Debug|Any CPU.Build.0 = Debug|Any CPU
		{3E210F0C-05CC-44AB-843B-2D864FD0C4EC}.Release|Any CPU.ActiveCfg = Release|Any CPU
		{3E210F0C-05CC-44AB-843B-2D864FD0C4EC}.Release|Any CPU.Build.0 = Release|Any CPU
	EndGlobalSection
	GlobalSection(SolutionProperties) = preSolution
		HideSolutionNode = FALSE
	EndGlobalSection
EndGlobal
