
Microsoft Visual Studio Solution File, Format Version 12.00
# Visual Studio 15
VisualStudioVersion = 15.0.27428.2005
MinimumVisualStudioVersion = 10.0.40219.1
Project("{FAE04EC0-301F-11D3-BF4B-00C04F79EFBC}") = "Provisioning.CreateSite.Mvc", "Provisioning.CreateSite.Mvc\Provisioning.CreateSite.Mvc.csproj", "{6F77A511-43BC-4FB2-B4B0-C2F7B4A17C29}"
EndProject
Project("{FAE04EC0-301F-11D3-BF4B-00C04F79EFBC}") = "Provisioning.CreateSite.MvcWeb", "Provisioning.CreateSite.MvcWeb\Provisioning.CreateSite.MvcWeb.csproj", "{E6C18800-BBC1-4AB8-B635-4A84D30B69C4}"
EndProject
Global
	GlobalSection(SolutionConfigurationPlatforms) = preSolution
		Debug|Any CPU = Debug|Any CPU
		Release|Any CPU = Release|Any CPU
	EndGlobalSection
	GlobalSection(ProjectConfigurationPlatforms) = postSolution
		{6F77A511-43BC-4FB2-B4B0-C2F7B4A17C29}.Debug|Any CPU.ActiveCfg = Debug|Any CPU
		{6F77A511-43BC-4FB2-B4B0-C2F7B4A17C29}.Debug|Any CPU.Build.0 = Debug|Any CPU
		{6F77A511-43BC-4FB2-B4B0-C2F7B4A17C29}.Debug|Any CPU.Deploy.0 = Debug|Any CPU
		{6F77A511-43BC-4FB2-B4B0-C2F7B4A17C29}.Release|Any CPU.ActiveCfg = Release|Any CPU
		{6F77A511-43BC-4FB2-B4B0-C2F7B4A17C29}.Release|Any CPU.Build.0 = Release|Any CPU
		{6F77A511-43BC-4FB2-B4B0-C2F7B4A17C29}.Release|Any CPU.Deploy.0 = Release|Any CPU
		{E6C18800-BBC1-4AB8-B635-4A84D30B69C4}.Debug|Any CPU.ActiveCfg = Debug|Any CPU
		{E6C18800-BBC1-4AB8-B635-4A84D30B69C4}.Debug|Any CPU.Build.0 = Debug|Any CPU
		{E6C18800-BBC1-4AB8-B635-4A84D30B69C4}.Release|Any CPU.ActiveCfg = Release|Any CPU
		{E6C18800-BBC1-4AB8-B635-4A84D30B69C4}.Release|Any CPU.Build.0 = Release|Any CPU
	EndGlobalSection
	GlobalSection(SolutionProperties) = preSolution
		HideSolutionNode = FALSE
	EndGlobalSection
	GlobalSection(ExtensibilityGlobals) = postSolution
		SolutionGuid = {05CFF28D-AA26-45EB-AB46-AD620D5C055B}
	EndGlobalSection
EndGlobal
