
Microsoft Visual Studio Solution File, Format Version 12.00
# Visual Studio 14
VisualStudioVersion = 14.0.25420.1
MinimumVisualStudioVersion = 10.0.40219.1
Project("{FAE04EC0-301F-11D3-BF4B-00C04F79EFBC}") = "Intranet.Providers", "Intranet.Providers\Intranet.Providers.csproj", "{A2E654E9-7023-4D06-8854-26FE6082F1CB}"
EndProject
Global
	GlobalSection(SolutionConfigurationPlatforms) = preSolution
		Debug|Any CPU = Debug|Any CPU
		Release|Any CPU = Release|Any CPU
	EndGlobalSection
	GlobalSection(ProjectConfigurationPlatforms) = postSolution
		{A2E654E9-7023-4D06-8854-26FE6082F1CB}.Debug|Any CPU.ActiveCfg = Debug|Any CPU
		{A2E654E9-7023-4D06-8854-26FE6082F1CB}.Debug|Any CPU.Build.0 = Debug|Any CPU
		{A2E654E9-7023-4D06-8854-26FE6082F1CB}.Release|Any CPU.ActiveCfg = Release|Any CPU
		{A2E654E9-7023-4D06-8854-26FE6082F1CB}.Release|Any CPU.Build.0 = Release|Any CPU
	EndGlobalSection
	GlobalSection(SolutionProperties) = preSolution
		HideSolutionNode = FALSE
	EndGlobalSection
EndGlobal
