
Microsoft Visual Studio Solution File, Format Version 12.00
# Visual Studio 2013
VisualStudioVersion = 12.0.30723.0
MinimumVisualStudioVersion = 10.0.40219.1
Project("{2150E333-8FDC-42A3-9474-1A3956D46DE8}") = "Core", "Core", "{B5DF105C-3C5D-44E7-87B2-2DCDE9873C4A}"
EndProject
Project("{2150E333-8FDC-42A3-9474-1A3956D46DE8}") = "Documentation", "Documentation", "{D359AD33-7660-4BEF-BBED-92D286D81C43}"
EndProject
Project("{2150E333-8FDC-42A3-9474-1A3956D46DE8}") = "Provisioning", "Provisioning", "{5F2AE099-C500-422F-8B95-4CCFC75EAFB3}"
EndProject
Project("{FAE04EC0-301F-11D3-BF4B-00C04F79EFBC}") = "Patterns.Provisioning", "..\Patterns.Provisioning\Patterns.Provisioning\Patterns.Provisioning.csproj", "{B2F7C6A7-D59F-4512-92A7-281B08D71235}"
EndProject
Project("{FAE04EC0-301F-11D3-BF4B-00C04F79EFBC}") = "Patterns.Provisioning.Resources", "..\Patterns.Provisioning\Patterns.Provisioning.Resources\Patterns.Provisioning.Resources.csproj", "{9A88BAB0-8581-4928-8CD9-F4CDEC3E9329}"
EndProject
Project("{2150E333-8FDC-42A3-9474-1A3956D46DE8}") = "UI", "UI", "{6410BE6A-0198-489B-956D-F4519806BF04}"
EndProject
Project("{FAE04EC0-301F-11D3-BF4B-00C04F79EFBC}") = "Patterns.Hosting.Azure.Resources", "Patterns.Hosting.Azure.Resources\Patterns.Hosting.Azure.Resources.csproj", "{AAD7CBB4-1CB6-4EF6-9A4C-7EC82A54FFF3}"
EndProject
Project("{FAE04EC0-301F-11D3-BF4B-00C04F79EFBC}") = "OfficeDevPnP.Core", "..\..\OfficeDevPnP.Core\OfficeDevPnP.Core\OfficeDevPnP.Core.csproj", "{F2077977-8EBF-409D-BBF4-8EFB328928A8}"
EndProject
Global
	GlobalSection(SolutionConfigurationPlatforms) = preSolution
		Debug|Any CPU = Debug|Any CPU
		Release|Any CPU = Release|Any CPU
	EndGlobalSection
	GlobalSection(ProjectConfigurationPlatforms) = postSolution
		{B2F7C6A7-D59F-4512-92A7-281B08D71235}.Debug|Any CPU.ActiveCfg = Debug|Any CPU
		{B2F7C6A7-D59F-4512-92A7-281B08D71235}.Debug|Any CPU.Build.0 = Debug|Any CPU
		{B2F7C6A7-D59F-4512-92A7-281B08D71235}.Release|Any CPU.ActiveCfg = Release|Any CPU
		{B2F7C6A7-D59F-4512-92A7-281B08D71235}.Release|Any CPU.Build.0 = Release|Any CPU
		{9A88BAB0-8581-4928-8CD9-F4CDEC3E9329}.Debug|Any CPU.ActiveCfg = Debug|Any CPU
		{9A88BAB0-8581-4928-8CD9-F4CDEC3E9329}.Debug|Any CPU.Build.0 = Debug|Any CPU
		{9A88BAB0-8581-4928-8CD9-F4CDEC3E9329}.Release|Any CPU.ActiveCfg = Release|Any CPU
		{9A88BAB0-8581-4928-8CD9-F4CDEC3E9329}.Release|Any CPU.Build.0 = Release|Any CPU
		{AAD7CBB4-1CB6-4EF6-9A4C-7EC82A54FFF3}.Debug|Any CPU.ActiveCfg = Debug|Any CPU
		{AAD7CBB4-1CB6-4EF6-9A4C-7EC82A54FFF3}.Debug|Any CPU.Build.0 = Debug|Any CPU
		{AAD7CBB4-1CB6-4EF6-9A4C-7EC82A54FFF3}.Release|Any CPU.ActiveCfg = Release|Any CPU
		{AAD7CBB4-1CB6-4EF6-9A4C-7EC82A54FFF3}.Release|Any CPU.Build.0 = Release|Any CPU
		{F2077977-8EBF-409D-BBF4-8EFB328928A8}.Debug|Any CPU.ActiveCfg = Debug|Any CPU
		{F2077977-8EBF-409D-BBF4-8EFB328928A8}.Debug|Any CPU.Build.0 = Debug|Any CPU
		{F2077977-8EBF-409D-BBF4-8EFB328928A8}.Release|Any CPU.ActiveCfg = Release|Any CPU
		{F2077977-8EBF-409D-BBF4-8EFB328928A8}.Release|Any CPU.Build.0 = Release|Any CPU
	EndGlobalSection
	GlobalSection(SolutionProperties) = preSolution
		HideSolutionNode = FALSE
	EndGlobalSection
	GlobalSection(NestedProjects) = preSolution
		{B2F7C6A7-D59F-4512-92A7-281B08D71235} = {5F2AE099-C500-422F-8B95-4CCFC75EAFB3}
		{9A88BAB0-8581-4928-8CD9-F4CDEC3E9329} = {5F2AE099-C500-422F-8B95-4CCFC75EAFB3}
		{F2077977-8EBF-409D-BBF4-8EFB328928A8} = {B5DF105C-3C5D-44E7-87B2-2DCDE9873C4A}
	EndGlobalSection
EndGlobal
