
Microsoft Visual Studio Solution File, Format Version 12.00
# Visual Studio 2013
VisualStudioVersion = 12.0.31101.0
MinimumVisualStudioVersion = 10.0.40219.1
Project("{FAE04EC0-301F-11D3-BF4B-00C04F79EFBC}") = "Branding.InjectResponsiveCSS", "Branding.InjectResponsiveCSS\Branding.InjectResponsiveCSS.csproj", "{C79AB45E-8872-4244-B897-A0DF0F466499}"
EndProject
Project("{2150E333-8FDC-42A3-9474-1A3956D46DE8}") = "Documentation", "Documentation", "{7CBEEAAA-7DF8-4C13-AACD-1B9DE82A5376}"
	ProjectSection(SolutionItems) = preProject
		readme.md = readme.md
	EndProjectSection
EndProject
Global
	GlobalSection(SolutionConfigurationPlatforms) = preSolution
		Debug|Any CPU = Debug|Any CPU
		Release|Any CPU = Release|Any CPU
	EndGlobalSection
	GlobalSection(ProjectConfigurationPlatforms) = postSolution
		{C79AB45E-8872-4244-B897-A0DF0F466499}.Debug|Any CPU.ActiveCfg = Debug|Any CPU
		{C79AB45E-8872-4244-B897-A0DF0F466499}.Debug|Any CPU.Build.0 = Debug|Any CPU
		{C79AB45E-8872-4244-B897-A0DF0F466499}.Release|Any CPU.ActiveCfg = Release|Any CPU
		{C79AB45E-8872-4244-B897-A0DF0F466499}.Release|Any CPU.Build.0 = Release|Any CPU
	EndGlobalSection
	GlobalSection(SolutionProperties) = preSolution
		HideSolutionNode = FALSE
	EndGlobalSection
EndGlobal
