Microsoft Visual Studio Solution File, Format Version 12.00
# Visual Studio 14
VisualStudioVersion = 14.0.22823.1
MinimumVisualStudioVersion = 10.0.40219.1
Project("{FAE04EC0-301F-11D3-BF4B-00C04F79EFBC}") = "Provisioning.SubSiteCreationApp", "Provisioning.SubSiteCreationApp\Provisioning.SubSiteCreationApp.csproj", "{D6979FF8-42DD-4767-A76E-EDAC14FE136E}"
EndProject
Project("{FAE04EC0-301F-11D3-BF4B-00C04F79EFBC}") = "Provisioning.SubSiteCreationAppWeb", "Provisioning.SubSiteCreationAppWeb\Provisioning.SubSiteCreationAppWeb.csproj", "{3D47D651-6276-4918-8C78-EEF90BE7C614}"
EndProject
Project("{2150E333-8FDC-42A3-9474-1A3956D46DE8}") = "Documents", "Documents", "{0E9072FC-286A-4A9A-9654-5AC8187C6D89}"
	ProjectSection(SolutionItems) = preProject
		readme.md = readme.md
	EndProjectSection
EndProject
Global
	GlobalSection(SolutionConfigurationPlatforms) = preSolution
		Debug|Any CPU = Debug|Any CPU
		Release|Any CPU = Release|Any CPU
	EndGlobalSection
	GlobalSection(ProjectConfigurationPlatforms) = postSolution
		{D6979FF8-42DD-4767-A76E-EDAC14FE136E}.Debug|Any CPU.ActiveCfg = Debug|Any CPU
		{D6979FF8-42DD-4767-A76E-EDAC14FE136E}.Debug|Any CPU.Build.0 = Debug|Any CPU
		{D6979FF8-42DD-4767-A76E-EDAC14FE136E}.Debug|Any CPU.Deploy.0 = Debug|Any CPU
		{D6979FF8-42DD-4767-A76E-EDAC14FE136E}.Release|Any CPU.ActiveCfg = Release|Any CPU
		{D6979FF8-42DD-4767-A76E-EDAC14FE136E}.Release|Any CPU.Build.0 = Release|Any CPU
		{D6979FF8-42DD-4767-A76E-EDAC14FE136E}.Release|Any CPU.Deploy.0 = Release|Any CPU
		{3D47D651-6276-4918-8C78-EEF90BE7C614}.Debug|Any CPU.ActiveCfg = Debug|Any CPU
		{3D47D651-6276-4918-8C78-EEF90BE7C614}.Debug|Any CPU.Build.0 = Debug|Any CPU
		{3D47D651-6276-4918-8C78-EEF90BE7C614}.Release|Any CPU.ActiveCfg = Release|Any CPU
		{3D47D651-6276-4918-8C78-EEF90BE7C614}.Release|Any CPU.Build.0 = Release|Any CPU
	EndGlobalSection
	GlobalSection(SolutionProperties) = preSolution
		HideSolutionNode = FALSE
	EndGlobalSection
EndGlobal
