Microsoft Visual Studio Solution File, Format Version 12.00
# Visual Studio 2013
VisualStudioVersion = 12.0.30723.0
MinimumVisualStudioVersion = 10.0.40219.1
Project("{FAE04EC0-301F-11D3-BF4B-00C04F79EFBC}") = "Provisioning.PublishingFeatures", "Provisioning.PublishingFeatures\Provisioning.PublishingFeatures.csproj", "{44069CBD-60C3-4331-9C79-0163734D0E61}"
EndProject
Project("{FAE04EC0-301F-11D3-BF4B-00C04F79EFBC}") = "Provisioning.PublishingFeaturesWeb", "Provisioning.PublishingFeaturesWeb\Provisioning.PublishingFeaturesWeb.csproj", "{07BA5C35-C89B-4751-AECF-95CE015D766B}"
EndProject
Project("{2150E333-8FDC-42A3-9474-1A3956D46DE8}") = "Core", "Core", "{3ECF9850-CB67-4F1E-8638-07605ADA5BBF}"
EndProject
Project("{2150E333-8FDC-42A3-9474-1A3956D46DE8}") = "Documentation", "Documentation", "{6B04D2FB-6A2A-41E9-BB87-075107CFCF32}"
	ProjectSection(SolutionItems) = preProject
		readme.md = readme.md
	EndProjectSection
EndProject
Project("{FAE04EC0-301F-11D3-BF4B-00C04F79EFBC}") = "OfficeDevPnP.Core", "..\..\OfficeDevPnP.Core\OfficeDevPnP.Core\OfficeDevPnP.Core.csproj", "{F2077977-8EBF-409D-BBF4-8EFB328928A8}"
EndProject
Global
	GlobalSection(SolutionConfigurationPlatforms) = preSolution
		Debug|Any CPU = Debug|Any CPU
		Release|Any CPU = Release|Any CPU
	EndGlobalSection
	GlobalSection(ProjectConfigurationPlatforms) = postSolution
		{44069CBD-60C3-4331-9C79-0163734D0E61}.Debug|Any CPU.ActiveCfg = Debug|Any CPU
		{44069CBD-60C3-4331-9C79-0163734D0E61}.Debug|Any CPU.Build.0 = Debug|Any CPU
		{44069CBD-60C3-4331-9C79-0163734D0E61}.Debug|Any CPU.Deploy.0 = Debug|Any CPU
		{44069CBD-60C3-4331-9C79-0163734D0E61}.Release|Any CPU.ActiveCfg = Release|Any CPU
		{44069CBD-60C3-4331-9C79-0163734D0E61}.Release|Any CPU.Build.0 = Release|Any CPU
		{44069CBD-60C3-4331-9C79-0163734D0E61}.Release|Any CPU.Deploy.0 = Release|Any CPU
		{07BA5C35-C89B-4751-AECF-95CE015D766B}.Debug|Any CPU.ActiveCfg = Debug|Any CPU
		{07BA5C35-C89B-4751-AECF-95CE015D766B}.Debug|Any CPU.Build.0 = Debug|Any CPU
		{07BA5C35-C89B-4751-AECF-95CE015D766B}.Release|Any CPU.ActiveCfg = Release|Any CPU
		{07BA5C35-C89B-4751-AECF-95CE015D766B}.Release|Any CPU.Build.0 = Release|Any CPU
		{F2077977-8EBF-409D-BBF4-8EFB328928A8}.Debug|Any CPU.ActiveCfg = Debug|Any CPU
		{F2077977-8EBF-409D-BBF4-8EFB328928A8}.Debug|Any CPU.Build.0 = Debug|Any CPU
		{F2077977-8EBF-409D-BBF4-8EFB328928A8}.Release|Any CPU.ActiveCfg = Release|Any CPU
		{F2077977-8EBF-409D-BBF4-8EFB328928A8}.Release|Any CPU.Build.0 = Release|Any CPU
	EndGlobalSection
	GlobalSection(SolutionProperties) = preSolution
		HideSolutionNode = FALSE
	EndGlobalSection
	GlobalSection(NestedProjects) = preSolution
		{F2077977-8EBF-409D-BBF4-8EFB328928A8} = {3ECF9850-CB67-4F1E-8638-07605ADA5BBF}
	EndGlobalSection
EndGlobal
