
Microsoft Visual Studio Solution File, Format Version 12.00
# Visual Studio 2013
VisualStudioVersion = 12.0.31101.0
MinimumVisualStudioVersion = 10.0.40219.1
Project("{FAE04EC0-301F-11D3-BF4B-00C04F79EFBC}") = "OfficeDevPnP.Core.Tools.UnitTest.PnPBuildExtensions", "OfficeDevPnP.Core.Tools.UnitTest.PnPBuildExtensions\OfficeDevPnP.Core.Tools.UnitTest.PnPBuildExtensions.csproj", "{EC40FD8A-EC1A-4FF7-BC6F-45F88E15E731}"
EndProject
Project("{2150E333-8FDC-42A3-9474-1A3956D46DE8}") = "Builds", "Builds", "{8F1A85BC-4CAF-436A-8504-165DF634EBFB}"
	ProjectSection(SolutionItems) = preProject
		PnPCore.targets = PnPCore.targets
	EndProjectSection
EndProject
Project("{FAE04EC0-301F-11D3-BF4B-00C04F79EFBC}") = "OfficeDevPnP.Core.Tools.UnitTest.PnPBuildTest", "OfficeDevPnP.Core.Tools.UnitTest.PnPBuildTest\OfficeDevPnP.Core.Tools.UnitTest.PnPBuildTest.csproj", "{6D889057-AB57-4EC8-A301-0F5470FB467C}"
EndProject
Project("{2150E333-8FDC-42A3-9474-1A3956D46DE8}") = "Documentation", "Documentation", "{D7C8E207-F5DE-48CA-B2C6-FFF301B059BF}"
	ProjectSection(SolutionItems) = preProject
		readme.md = readme.md
	EndProjectSection
EndProject
Global
	GlobalSection(SolutionConfigurationPlatforms) = preSolution
		Debug|Any CPU = Debug|Any CPU
		Release|Any CPU = Release|Any CPU
	EndGlobalSection
	GlobalSection(ProjectConfigurationPlatforms) = postSolution
		{EC40FD8A-EC1A-4FF7-BC6F-45F88E15E731}.Debug|Any CPU.ActiveCfg = Debug|Any CPU
		{EC40FD8A-EC1A-4FF7-BC6F-45F88E15E731}.Debug|Any CPU.Build.0 = Debug|Any CPU
		{EC40FD8A-EC1A-4FF7-BC6F-45F88E15E731}.Release|Any CPU.ActiveCfg = Release|Any CPU
		{EC40FD8A-EC1A-4FF7-BC6F-45F88E15E731}.Release|Any CPU.Build.0 = Release|Any CPU
		{6D889057-AB57-4EC8-A301-0F5470FB467C}.Debug|Any CPU.ActiveCfg = Debug|Any CPU
		{6D889057-AB57-4EC8-A301-0F5470FB467C}.Debug|Any CPU.Build.0 = Debug|Any CPU
		{6D889057-AB57-4EC8-A301-0F5470FB467C}.Release|Any CPU.ActiveCfg = Release|Any CPU
		{6D889057-AB57-4EC8-A301-0F5470FB467C}.Release|Any CPU.Build.0 = Release|Any CPU
	EndGlobalSection
	GlobalSection(SolutionProperties) = preSolution
		HideSolutionNode = FALSE
	EndGlobalSection
EndGlobal
