
Microsoft Visual Studio Solution File, Format Version 12.00
# Visual Studio 2013
VisualStudioVersion = 12.0.30723.0
MinimumVisualStudioVersion = 10.0.40219.1
Project("{FAE04EC0-301F-11D3-BF4B-00C04F79EFBC}") = "Workflow.Activities", "Workflow.Activities\Workflow.Activities.csproj", "{FB592284-617D-4E24-9530-116C6BF9E969}"
EndProject
Project("{2150E333-8FDC-42A3-9474-1A3956D46DE8}") = "Documents", "Documents", "{17B251DF-A27E-4807-A90C-FA07EA7A1B24}"
	ProjectSection(SolutionItems) = preProject
		readme.md = readme.md
	EndProjectSection
EndProject
Global
	GlobalSection(SolutionConfigurationPlatforms) = preSolution
		Debug|Any CPU = Debug|Any CPU
		Release|Any CPU = Release|Any CPU
	EndGlobalSection
	GlobalSection(ProjectConfigurationPlatforms) = postSolution
		{FB592284-617D-4E24-9530-116C6BF9E969}.Debug|Any CPU.ActiveCfg = Debug|Any CPU
		{FB592284-617D-4E24-9530-116C6BF9E969}.Debug|Any CPU.Build.0 = Debug|Any CPU
		{FB592284-617D-4E24-9530-116C6BF9E969}.Debug|Any CPU.Deploy.0 = Debug|Any CPU
		{FB592284-617D-4E24-9530-116C6BF9E969}.Release|Any CPU.ActiveCfg = Release|Any CPU
		{FB592284-617D-4E24-9530-116C6BF9E969}.Release|Any CPU.Build.0 = Release|Any CPU
		{FB592284-617D-4E24-9530-116C6BF9E969}.Release|Any CPU.Deploy.0 = Release|Any CPU
	EndGlobalSection
	GlobalSection(SolutionProperties) = preSolution
		HideSolutionNode = FALSE
	EndGlobalSection
EndGlobal
